
Microsoft Visual Studio Solution File, Format Version 11.00
# Visual Studio 2010
Project("{8BC9CEB8-8B4A-11D0-8D11-00A0C91BC942}") = "AkSoundEngineDLL", "AkSoundEngineDLL_vc100.vcxproj", "{CCDC7832-E6E0-7644-7B96-5E1A4D83A792}"
	ProjectSection(ProjectDependencies) = postProject
		{E50675EC-64A9-4679-41A2-370A793AF581} = {E50675EC-64A9-4679-41A2-370A793AF581}
		{E8E6587F-6993-7BC2-6DF0-CBC70955A728} = {E8E6587F-6993-7BC2-6DF0-CBC70955A728}
		{7E0AAAD0-908B-7FD3-B861-842D79D540BB} = {7E0AAAD0-908B-7FD3-B861-842D79D540BB}
		{56F726AD-DFC5-F3A1-3D8E-E8A7BE231104} = {56F726AD-DFC5-F3A1-3D8E-E8A7BE231104}
		{048D9FDC-A0BB-D541-91B8-6F5845DD3969} = {048D9FDC-A0BB-D541-91B8-6F5845DD3969}
		{F582A27A-E9D0-D61B-A7C4-DB14C9DBA7DA} = {F582A27A-E9D0-D61B-A7C4-DB14C9DBA7DA}
		{F7AEA9A2-5340-565B-322E-0286683232BA} = {F7AEA9A2-5340-565B-322E-0286683232BA}
		{DF41B62C-C202-AE66-32C9-917BAE458464} = {DF41B62C-C202-AE66-32C9-917BAE458464}
		{22388A1F-2A5C-E678-B8E0-3B9DE05682EC} = {22388A1F-2A5C-E678-B8E0-3B9DE05682EC}
		{A0E1FE13-BAA8-235B-99C2-29BB4FFE2305} = {A0E1FE13-BAA8-235B-99C2-29BB4FFE2305}
		{F69ED33C-2834-3F27-906B-3A0E518A4DBF} = {F69ED33C-2834-3F27-906B-3A0E518A4DBF}
		{ECD23EC4-B831-131F-B8FF-B0486C95A9FC} = {ECD23EC4-B831-131F-B8FF-B0486C95A9FC}
		{D65159E7-4FEC-2BED-619D-15BF282990B3} = {D65159E7-4FEC-2BED-619D-15BF282990B3}
		{E60F0917-0A5D-142F-D875-E1969A6EE047} = {E60F0917-0A5D-142F-D875-E1969A6EE047}
		{9CF38C4F-19DC-E662-364F-C6D642460C19} = {9CF38C4F-19DC-E662-364F-C6D642460C19}
		{DDB66ABD-29B6-3B0D-6D63-439DC13465B2} = {DDB66ABD-29B6-3B0D-6D63-439DC13465B2}
		{3DC39794-6F7B-87AF-407A-00CFF4E98070} = {3DC39794-6F7B-87AF-407A-00CFF4E98070}
		{2F613953-0EAF-6BCC-A8E0-CB192BFEC098} = {2F613953-0EAF-6BCC-A8E0-CB192BFEC098}
		{631205A9-F969-F51E-D677-66296E128F16} = {631205A9-F969-F51E-D677-66296E128F16}
		{63F6EECE-E28F-194D-A1B8-6DE199D9916C} = {63F6EECE-E28F-194D-A1B8-6DE199D9916C}
		{8FAD2DD0-CCCF-9858-92BF-07583A0F8167} = {8FAD2DD0-CCCF-9858-92BF-07583A0F8167}
		{4E3E0BF4-543D-2B3B-B29E-9F3D2383F01A} = {4E3E0BF4-543D-2B3B-B29E-9F3D2383F01A}
		{DCC221E8-DF90-7F38-E381-833BE499514A} = {DCC221E8-DF90-7F38-E381-833BE499514A}
		{C3D6B457-A6D0-5E7B-AB41-FCFA836A2D9C} = {C3D6B457-A6D0-5E7B-AB41-FCFA836A2D9C}
		{AA3B3F48-D9E2-F3C4-D606-B8A429C9721A} = {AA3B3F48-D9E2-F3C4-D606-B8A429C9721A}
		{46F61C72-1C8E-BFAC-CAA3-4FA4A417DB45} = {46F61C72-1C8E-BFAC-CAA3-4FA4A417DB45}
		{0C49ACA5-B683-216A-46DE-F1F83783649E} = {0C49ACA5-B683-216A-46DE-F1F83783649E}
		{B86E3E5B-50AA-29FB-D6F3-5803B00AF410} = {B86E3E5B-50AA-29FB-D6F3-5803B00AF410}
		{D3C097DD-40D8-7E92-F299-DF4684BBF921} = {D3C097DD-40D8-7E92-F299-DF4684BBF921}
		{D367DBD2-AD73-24EF-E9E2-56B7FE888E1C} = {D367DBD2-AD73-24EF-E9E2-56B7FE888E1C}
		{E3882DF6-D86C-EFF3-258D-B49A41FF293C} = {E3882DF6-D86C-EFF3-258D-B49A41FF293C}
		{C7526441-18BA-9A85-F86F-196467BFE2F7} = {C7526441-18BA-9A85-F86F-196467BFE2F7}
		{9C745FE8-6FED-8F67-67EC-3D25AE0E7D28} = {9C745FE8-6FED-8F67-67EC-3D25AE0E7D28}
		{30809F25-7234-C10E-790D-0495A2F3E3B1} = {30809F25-7234-C10E-790D-0495A2F3E3B1}
		{70004AF9-A1DC-B9C4-B7C0-D7B5B2B419F6} = {70004AF9-A1DC-B9C4-B7C0-D7B5B2B419F6}
		{812D0ACA-95B5-BC04-6EDE-FEC4D5645B7A} = {812D0ACA-95B5-BC04-6EDE-FEC4D5645B7A}
		{AA34D292-ECB7-1E6A-0E56-3DB3A7EB81BE} = {AA34D292-ECB7-1E6A-0E56-3DB3A7EB81BE}
		{78B75217-67E2-5FB1-6749-1B0CEEFE96C7} = {78B75217-67E2-5FB1-6749-1B0CEEFE96C7}
		{42819F39-FDC0-400D-78C3-AF376D325401} = {42819F39-FDC0-400D-78C3-AF376D325401}
		{8E01ACB6-7EE5-DC36-EB4A-83931F135EC0} = {8E01ACB6-7EE5-DC36-EB4A-83931F135EC0}
		{083787C7-8728-1215-16EF-88A8622A884A} = {083787C7-8728-1215-16EF-88A8622A884A}
		{0602B45E-0CB9-09F9-FD2E-3C317985F8B5} = {0602B45E-0CB9-09F9-FD2E-3C317985F8B5}
		{247449B0-62FE-CEC6-E458-C877609EB499} = {247449B0-62FE-CEC6-E458-C877609EB499}
		{26997F2E-8E7A-7BBF-6EE2-13B3F669AEC9} = {26997F2E-8E7A-7BBF-6EE2-13B3F669AEC9}
		{45941428-73A7-DF50-A2B4-A2AF0A61D99A} = {45941428-73A7-DF50-A2B4-A2AF0A61D99A}
		{32375E9E-B2E4-48F7-40F9-EFEE0A96D7BC} = {32375E9E-B2E4-48F7-40F9-EFEE0A96D7BC}
		{2B4E9AA5-7829-C6C8-73E0-FF52E3A99B0D} = {2B4E9AA5-7829-C6C8-73E0-FF52E3A99B0D}
		{FE4CC9D2-D92B-15A1-EE07-0F6155730FB8} = {FE4CC9D2-D92B-15A1-EE07-0F6155730FB8}
		{D001156E-39A1-7A12-6CE4-579B7E2A8527} = {D001156E-39A1-7A12-6CE4-579B7E2A8527}
		{11DDF220-579A-8CD4-90D2-6D7F5BDF7B85} = {11DDF220-579A-8CD4-90D2-6D7F5BDF7B85}
		{D15E0327-5121-DAC7-354A-8C43E793A83F} = {D15E0327-5121-DAC7-354A-8C43E793A83F}
	EndProjectSection
EndProject
Global
	GlobalSection(SolutionConfigurationPlatforms) = preSolution
		Debug|Win32 = Debug|Win32
		Debug|x64 = Debug|x64
		Profile|Win32 = Profile|Win32
		Profile|x64 = Profile|x64
		Release|Win32 = Release|Win32
		Release|x64 = Release|x64
	EndGlobalSection
	GlobalSection(ProjectConfigurationPlatforms) = postSolution
		{CCDC7832-E6E0-7644-7B96-5E1A4D83A792}.Debug|Win32.ActiveCfg = Debug|Win32
		{CCDC7832-E6E0-7644-7B96-5E1A4D83A792}.Debug|Win32.Build.0 = Debug|Win32
		{CCDC7832-E6E0-7644-7B96-5E1A4D83A792}.Debug|x64.ActiveCfg = Debug|x64
		{CCDC7832-E6E0-7644-7B96-5E1A4D83A792}.Debug|x64.Build.0 = Debug|x64
		{CCDC7832-E6E0-7644-7B96-5E1A4D83A792}.Profile|Win32.ActiveCfg = Profile|Win32
		{CCDC7832-E6E0-7644-7B96-5E1A4D83A792}.Profile|Win32.Build.0 = Profile|Win32
		{CCDC7832-E6E0-7644-7B96-5E1A4D83A792}.Profile|x64.ActiveCfg = Profile|x64
		{CCDC7832-E6E0-7644-7B96-5E1A4D83A792}.Profile|x64.Build.0 = Profile|x64
		{CCDC7832-E6E0-7644-7B96-5E1A4D83A792}.Release|Win32.ActiveCfg = Release|Win32
		{CCDC7832-E6E0-7644-7B96-5E1A4D83A792}.Release|Win32.Build.0 = Release|Win32
		{CCDC7832-E6E0-7644-7B96-5E1A4D83A792}.Release|x64.ActiveCfg = Release|x64
		{CCDC7832-E6E0-7644-7B96-5E1A4D83A792}.Release|x64.Build.0 = Release|x64
	EndGlobalSection
	GlobalSection(SolutionProperties) = preSolution
		HideSolutionNode = FALSE
	EndGlobalSection
	GlobalSection(NestedProjects) = preSolution
	EndGlobalSection
EndGlobal
