<?xml version="1.0" encoding="utf-8"?>
<Project ToolsVersion="4.0" xmlns="http://schemas.microsoft.com/developer/msbuild/2003">
  <ItemGroup>
    <FxCompile Include="Rendering\Shaders\VertexLayout_POSBONEWEIGHTNORMTANTEX_VS.hlsl" />
    <FxCompile Include="Rendering\Shaders\VertexLayout_POSBONEWEIGHTNORMTEX_VS.hlsl" />
    <FxCompile Include="Rendering\Shaders\VertexLayout_POSBONEWEIGHT_VS.hlsl" />
    <FxCompile Include="Rendering\Shaders\VertexLayout_POSCOLOR_VS.hlsl" />
    <FxCompile Include="Rendering\Shaders\VertexLayout_POSNORMTANTEX_VS.hlsl" />
    <FxCompile Include="Rendering\Shaders\VertexLayout_POSNORMTEX_VS.hlsl" />
    <FxCompile Include="Rendering\Shaders\VertexLayout_POSTEX_VS.hlsl" />
    <FxCompile Include="Rendering\Shaders\VertexLayout_POS_VS.hlsl" />
    <FxCompile Include="Rendering\Shaders\VertexLayout_VS.hlsl" />
  </ItemGroup>
  <ItemGroup>
    <ClCompile Include="Common\Math.cpp">
      <Filter>Common\Sources</Filter>
    </ClCompile>
    <ClCompile Include="Physics\Physics.cpp">
      <Filter>Physics\Sources</Filter>
    </ClCompile>
    <ClCompile Include="Messager\Messager.cpp">
      <Filter>Messager\Sources</Filter>
    </ClCompile>
    <ClCompile Include="Objects\BaseObject.cpp">
      <Filter>Objects\Sources</Filter>
    </ClCompile>
    <ClCompile Include="Objects\Component.cpp">
      <Filter>Objects\Sources</Filter>
    </ClCompile>
    <ClCompile Include="ChronoLoop.cpp">
      <Filter>Core\Sources</Filter>
    </ClCompile>
    <ClCompile Include="stdafx.cpp">
      <Filter>Core\Sources</Filter>
    </ClCompile>
    <ClCompile Include="Timeline.cpp">
      <Filter>Core\Sources</Filter>
    </ClCompile>
    <ClCompile Include="Objects\Transform.cpp">
      <Filter>Objects\Sources</Filter>
    </ClCompile>
    <ClCompile Include="Input\KeyboardInput.cpp">
      <Filter>Input\Sources</Filter>
    </ClCompile>
    <ClCompile Include="Sound\SoundEngine.cpp">
      <Filter>Sound\Sources</Filter>
    </ClCompile>
    <ClCompile Include="BaseLevel.cpp">
      <Filter>Levels\Sources</Filter>
    </ClCompile>
    <ClCompile Include="LevelManager.cpp">
      <Filter>Levels\Sources</Filter>
    </ClCompile>
    <ClCompile Include="Rendering\Mesh.cpp">
      <Filter>Rendering\Sources</Filter>
    </ClCompile>
    <ClCompile Include="Rendering\InputLayoutManager.cpp">
      <Filter>Rendering\Sources</Filter>
    </ClCompile>
    <ClCompile Include="Rendering\RasterizerStateManager.cpp">
      <Filter>Rendering\Sources</Filter>
    </ClCompile>
    <ClCompile Include="Rendering\RenderContext.cpp">
      <Filter>Rendering\Sources</Filter>
    </ClCompile>
    <ClCompile Include="Rendering\renderer.cpp">
      <Filter>Rendering\Sources</Filter>
    </ClCompile>
    <ClCompile Include="Rendering\RenderNode.cpp">
      <Filter>Rendering\Sources</Filter>
    </ClCompile>
    <ClCompile Include="Rendering\Shader.cpp">
      <Filter>Rendering\Sources</Filter>
    </ClCompile>
  </ItemGroup>
  <ItemGroup>
    <ClInclude Include="Rendering\BlendManager.h" />
    <ClInclude Include="Common\Math.h">
      <Filter>Common\Headers</Filter>
    </ClInclude>
    <ClInclude Include="Physics\Physics.h">
      <Filter>Physics\Headers</Filter>
    </ClInclude>
    <ClInclude Include="Messager\Message.h">
      <Filter>Messager\Headers</Filter>
    </ClInclude>
    <ClInclude Include="Messager\Messager.h">
      <Filter>Messager\Headers</Filter>
    </ClInclude>
    <ClInclude Include="Objects\Component.h">
      <Filter>Objects\Headers</Filter>
    </ClInclude>
    <ClInclude Include="Objects\Components.h">
      <Filter>Objects\Headers</Filter>
    </ClInclude>
    <ClInclude Include="Objects\BaseObject.h">
      <Filter>Objects\Headers</Filter>
    </ClInclude>
    <ClInclude Include="stdafx.h">
      <Filter>Core\Headers</Filter>
    </ClInclude>
    <ClInclude Include="targetver.h">
      <Filter>Core\Headers</Filter>
    </ClInclude>
    <ClInclude Include="Timeline.h">
      <Filter>Core\Headers</Filter>
    </ClInclude>
    <ClInclude Include="Objects\Transform.h">
      <Filter>Objects\Headers</Filter>
    </ClInclude>
    <ClInclude Include="Input\KeyboardInput.h">
      <Filter>Input\Headers</Filter>
    </ClInclude>
    <ClInclude Include="Sound\SoundEngine.h">
      <Filter>Sound\Headers</Filter>
    </ClInclude>
    <ClInclude Include="BaseLevel.h">
      <Filter>Levels\Headers</Filter>
    </ClInclude>
    <ClInclude Include="LevelManager.h">
      <Filter>Levels\Headers</Filter>
    </ClInclude>
    <ClInclude Include="Rendering\InputLayoutManager.h">
      <Filter>Rendering\Headers</Filter>
    </ClInclude>
    <ClInclude Include="Rendering\Mesh.h">
      <Filter>Rendering\Headers</Filter>
    </ClInclude>
    <ClInclude Include="Rendering\RasterizerStateManager.h">
      <Filter>Rendering\Headers</Filter>
    </ClInclude>
    <ClInclude Include="Rendering\RenderContext.h">
      <Filter>Rendering\Headers</Filter>
    </ClInclude>
    <ClInclude Include="Rendering\renderer.h">
      <Filter>Rendering\Headers</Filter>
    </ClInclude>
    <ClInclude Include="Rendering\RendererDefines.h">
      <Filter>Rendering\Headers</Filter>
    </ClInclude>
    <ClInclude Include="Rendering\RenderNode.h">
      <Filter>Rendering\Headers</Filter>
    </ClInclude>
    <ClInclude Include="Rendering\Shader.h">
      <Filter>Rendering\Headers</Filter>
    </ClInclude>
    <ClInclude Include="Rendering\Structures.h">
      <Filter>Rendering\Headers</Filter>
    </ClInclude>
    <ClInclude Include="Rendering\SystemInitializer.h">
      <Filter>Rendering\Headers</Filter>
    </ClInclude>
  </ItemGroup>
  <ItemGroup>
    <None Include="Rendering\Shaders\VertexLayouts.hlsli" />
  </ItemGroup>
  <ItemGroup>
    <Filter Include="Common">
      <UniqueIdentifier>{d90d8b89-2dc4-455b-961b-afd0db51dbb7}</UniqueIdentifier>
    </Filter>
    <Filter Include="Common\Headers">
      <UniqueIdentifier>{1ab471eb-220d-49ae-944e-c76b62175ff4}</UniqueIdentifier>
    </Filter>
    <Filter Include="Common\Sources">
      <UniqueIdentifier>{8b5b7741-6522-4405-9982-882dfb52a50d}</UniqueIdentifier>
    </Filter>
    <Filter Include="Input">
      <UniqueIdentifier>{22d8f4f9-d4f3-4506-8872-235fafff725c}</UniqueIdentifier>
    </Filter>
    <Filter Include="Messager">
      <UniqueIdentifier>{1053f7e8-529a-46dd-9489-e3a35cca60a1}</UniqueIdentifier>
    </Filter>
    <Filter Include="Objects">
      <UniqueIdentifier>{b530806c-e978-4ced-8484-6bd7392b1848}</UniqueIdentifier>
    </Filter>
    <Filter Include="Physics">
      <UniqueIdentifier>{dc7d7850-9c0f-4730-8307-92ba3a5f44b3}</UniqueIdentifier>
    </Filter>
    <Filter Include="Rendering">
      <UniqueIdentifier>{96c25831-9c98-4dad-9372-c1f016a76057}</UniqueIdentifier>
    </Filter>
    <Filter Include="Sound">
      <UniqueIdentifier>{dfe89f07-aaf7-4796-ac2a-ee603ba2f09c}</UniqueIdentifier>
    </Filter>
    <Filter Include="Input\Headers">
      <UniqueIdentifier>{18eda305-547a-47a5-a236-ee0753351519}</UniqueIdentifier>
    </Filter>
    <Filter Include="Input\Sources">
      <UniqueIdentifier>{628bc911-c382-439b-bf2e-67c15185451b}</UniqueIdentifier>
    </Filter>
    <Filter Include="Messager\Headers">
      <UniqueIdentifier>{fa6b17b3-81c5-4d7f-834e-69f6929b1713}</UniqueIdentifier>
    </Filter>
    <Filter Include="Messager\Sources">
      <UniqueIdentifier>{744c80e9-c39f-45d0-9136-8985852aee4f}</UniqueIdentifier>
    </Filter>
    <Filter Include="Sound\Headers">
      <UniqueIdentifier>{7d4cfd44-6523-4079-ab58-ac980a95b8ef}</UniqueIdentifier>
    </Filter>
    <Filter Include="Sound\Sources">
      <UniqueIdentifier>{58313b11-e057-4b40-a68c-6977929b12c4}</UniqueIdentifier>
    </Filter>
    <Filter Include="Rendering\Headers">
      <UniqueIdentifier>{9308f722-df66-45e3-9ecb-8f35e31a7d68}</UniqueIdentifier>
    </Filter>
    <Filter Include="Rendering\Sources">
      <UniqueIdentifier>{f61c5277-7e08-47f4-a478-57cd7a4c9995}</UniqueIdentifier>
    </Filter>
    <Filter Include="Physics\Headers">
      <UniqueIdentifier>{b3ba5eb0-f031-4f36-a1b8-081ac0ebdfe9}</UniqueIdentifier>
    </Filter>
    <Filter Include="Physics\Sources">
      <UniqueIdentifier>{a6e92985-d414-4e5a-81ee-c0a378802bc6}</UniqueIdentifier>
    </Filter>
    <Filter Include="Objects\Headers">
      <UniqueIdentifier>{9ce5b756-a7b5-470b-8f0f-fc28bd754eaa}</UniqueIdentifier>
    </Filter>
    <Filter Include="Objects\Sources">
      <UniqueIdentifier>{6b0b9f5e-35fd-44a3-baac-fb2a9ff5e0de}</UniqueIdentifier>
    </Filter>
    <Filter Include="Core">
      <UniqueIdentifier>{16af24a7-a117-4c03-87a7-b1ccb00b9fbf}</UniqueIdentifier>
    </Filter>
    <Filter Include="Core\Headers">
      <UniqueIdentifier>{4860edd1-8f0b-4dad-af80-42cac98966f6}</UniqueIdentifier>
    </Filter>
    <Filter Include="Core\Sources">
      <UniqueIdentifier>{de18f95b-36c7-4141-b092-ca2fac30bb73}</UniqueIdentifier>
    </Filter>
    <Filter Include="Levels">
      <UniqueIdentifier>{5f5d2e0e-4378-439c-9b11-cfb25b4cd680}</UniqueIdentifier>
    </Filter>
    <Filter Include="Levels\Headers">
      <UniqueIdentifier>{9ba0764f-cb96-4cfc-9719-c2a8e820ac11}</UniqueIdentifier>
    </Filter>
    <Filter Include="Levels\Sources">
      <UniqueIdentifier>{0ce38396-2768-48d0-9ad7-3189491c414b}</UniqueIdentifier>
    </Filter>
  </ItemGroup>
</Project>