<?xml version="1.0" encoding="utf-8"?>
<Project ToolsVersion="4.0" xmlns="http://schemas.microsoft.com/developer/msbuild/2003">
  <ItemGroup>
    <Filter Include="Input">
      <UniqueIdentifier>{f0180cee-1bc3-4ecd-8203-5f9856e93fdf}</UniqueIdentifier>
    </Filter>
    <Filter Include="Objects">
      <UniqueIdentifier>{5d335f0c-3f3b-439f-b8d5-cfc4d9d423a7}</UniqueIdentifier>
    </Filter>
    <Filter Include="Physics">
      <UniqueIdentifier>{6ce0a120-62d1-45a3-a2ef-5a3c2c378294}</UniqueIdentifier>
    </Filter>
    <Filter Include="Rendering">
      <UniqueIdentifier>{540a829b-4878-4645-afaa-947a1a7ae2b9}</UniqueIdentifier>
    </Filter>
    <Filter Include="Sound">
      <UniqueIdentifier>{eae951e6-7e90-499b-9be0-96789c656790}</UniqueIdentifier>
    </Filter>
    <Filter Include="Common">
      <UniqueIdentifier>{c5141bd8-8c74-4bee-9186-a68cdc829d07}</UniqueIdentifier>
    </Filter>
    <Filter Include="Input\Header Files">
      <UniqueIdentifier>{266df7ef-8a9f-4e92-9e58-6880fcba06d5}</UniqueIdentifier>
    </Filter>
    <Filter Include="Input\Source Files">
      <UniqueIdentifier>{1b0c1cc2-8905-40e6-9615-423009dcb165}</UniqueIdentifier>
    </Filter>
    <Filter Include="Common\Header Files">
      <UniqueIdentifier>{264e0f99-edf8-4b4a-bd07-a7c4ac29f8e4}</UniqueIdentifier>
    </Filter>
    <Filter Include="Common\Source Files">
      <UniqueIdentifier>{0c2649d7-ce08-4584-91e2-26156eddde0b}</UniqueIdentifier>
    </Filter>
    <Filter Include="Sound\Header Files">
      <UniqueIdentifier>{5978beda-7256-4b92-9a6e-c318dc44f579}</UniqueIdentifier>
    </Filter>
    <Filter Include="Sound\Source Files">
      <UniqueIdentifier>{27899e4f-d835-4ef5-b314-336af5bc2fcb}</UniqueIdentifier>
    </Filter>
    <Filter Include="Rendering\Header Files">
      <UniqueIdentifier>{ee7d5d3b-d0a4-4deb-974a-c1fa0bbe02ce}</UniqueIdentifier>
    </Filter>
    <Filter Include="Rendering\Source Files">
      <UniqueIdentifier>{a5ac6321-5fc7-4e54-a730-67aafdee4509}</UniqueIdentifier>
    </Filter>
    <Filter Include="Physics\Header Files">
      <UniqueIdentifier>{e9d5488a-51ea-4b41-8ef0-8dffda664eb7}</UniqueIdentifier>
    </Filter>
    <Filter Include="Physics\Source Files">
      <UniqueIdentifier>{9cd40d39-0379-4494-8280-87372b4afbe5}</UniqueIdentifier>
    </Filter>
    <Filter Include="Objects\Header Files">
      <UniqueIdentifier>{8c587e14-d881-4ce2-af6d-02319bed4de7}</UniqueIdentifier>
    </Filter>
    <Filter Include="Objects\Source Files">
      <UniqueIdentifier>{d6d439c6-9c90-4057-b173-43048dd5640b}</UniqueIdentifier>
    </Filter>
    <Filter Include="Messanger">
      <UniqueIdentifier>{6061d8dd-4ace-4cac-a567-88b8ca29d583}</UniqueIdentifier>
    </Filter>
    <Filter Include="Messanger\Header Files">
      <UniqueIdentifier>{9c504c6c-6102-41fd-a7c5-a3a61e77b31e}</UniqueIdentifier>
    </Filter>
    <Filter Include="Messanger\Source Files">
      <UniqueIdentifier>{36d90c6f-1459-46c7-850e-c2671a0bc2fc}</UniqueIdentifier>
    </Filter>
    <Filter Include="Rendering\Shaders">
      <UniqueIdentifier>{0fa54450-647f-49e8-a7cd-3550b1847640}</UniqueIdentifier>
    </Filter>
    <Filter Include="Rendering\Shaders\Layout Shaders">
      <UniqueIdentifier>{b560e4df-5975-4c40-95c5-ed2ffde9c69a}</UniqueIdentifier>
    </Filter>
    <Filter Include="Rendering\Header Files\Nodes">
      <UniqueIdentifier>{f27cd6e9-feb0-4b32-8929-680f3b2a6b1e}</UniqueIdentifier>
    </Filter>
    <Filter Include="Rendering\Header Files\Managers">
      <UniqueIdentifier>{8529e787-4dac-480a-a26c-8762a89d3dd3}</UniqueIdentifier>
    </Filter>
    <Filter Include="Rendering\Source Files\Nodes">
      <UniqueIdentifier>{8038cd1c-2ac7-45f0-ae93-f416f592d4f6}</UniqueIdentifier>
    </Filter>
    <Filter Include="Rendering\Source Files\Managers">
      <UniqueIdentifier>{4309e908-8f28-4b2b-9cab-2df4b234807b}</UniqueIdentifier>
    </Filter>
    <Filter Include="Common\FileIO">
      <UniqueIdentifier>{4c95a99f-2d97-4b8d-913a-3425865ce968}</UniqueIdentifier>
    </Filter>
    <Filter Include="Common\FileIO\Header Files">
      <UniqueIdentifier>{e592c27b-89c9-45a8-a222-ee38bb22b990}</UniqueIdentifier>
    </Filter>
    <Filter Include="Common\FileIO\Source Files">
      <UniqueIdentifier>{e1cc4151-26b6-4ac4-975b-f442b93a2c81}</UniqueIdentifier>
    </Filter>
    <Filter Include="Actions">
      <UniqueIdentifier>{48beaf3c-0f0e-4a07-9918-0972a580a156}</UniqueIdentifier>
    </Filter>
    <Filter Include="Actions\Header Files">
      <UniqueIdentifier>{b1a8acac-397e-47cc-b4fc-e9ed3fa3f3ff}</UniqueIdentifier>
    </Filter>
    <Filter Include="Actions\Source Files">
      <UniqueIdentifier>{d74cdf54-647c-40f6-835b-2e969a5cdd29}</UniqueIdentifier>
    </Filter>
    <Filter Include="DXTK">
      <UniqueIdentifier>{16572d88-a51f-45a6-a564-025b7a4af6ff}</UniqueIdentifier>
    </Filter>
    <Filter Include="Common\Math">
      <UniqueIdentifier>{ccc5850c-51a9-4f99-a68a-9c096952d36d}</UniqueIdentifier>
    </Filter>
    <Filter Include="Common\Math\Header Files">
      <UniqueIdentifier>{d6539033-3850-4e3e-b719-9b790b4d5c70}</UniqueIdentifier>
    </Filter>
    <Filter Include="Common\Math\Source Files">
      <UniqueIdentifier>{e319ddd3-329d-43fd-aeb9-fb646fc0c8fa}</UniqueIdentifier>
    </Filter>
    <Filter Include="Common\Easing">
      <UniqueIdentifier>{9c847c8c-a255-4381-b942-ea9608a0525f}</UniqueIdentifier>
    </Filter>
    <Filter Include="Common\Easing\Header Files">
      <UniqueIdentifier>{806d51f3-a257-47dd-ae5c-07c3930d54bd}</UniqueIdentifier>
    </Filter>
    <Filter Include="Common\Easing\Source Files">
      <UniqueIdentifier>{051b87d1-fce5-4caf-9b5f-f3909184eaae}</UniqueIdentifier>
    </Filter>
    <Filter Include="Particles">
      <UniqueIdentifier>{a1f02d0e-5ef8-44d3-8749-fa5351c55aff}</UniqueIdentifier>
    </Filter>
    <Filter Include="tinyxml">
      <UniqueIdentifier>{b7271d43-9cae-4517-a8fe-847bce75f378}</UniqueIdentifier>
    </Filter>
    <Filter Include="Pathing">
      <UniqueIdentifier>{6327b261-4002-48d0-8d77-1d763c9c02c6}</UniqueIdentifier>
    </Filter>
    <Filter Include="Rendering\Shaders\Pixel shaders">
      <UniqueIdentifier>{701dbb75-cf20-4e08-88b6-8a186b2ec0f1}</UniqueIdentifier>
    </Filter>
    <Filter Include="Rendering\Shaders\Vertex Shaders">
      <UniqueIdentifier>{2ff294a5-e0a5-4fb8-8dd6-9578a2c21ecd}</UniqueIdentifier>
    </Filter>
    <Filter Include="Rendering\Shaders\Geometry Shaders">
      <UniqueIdentifier>{ebfe2c81-866c-421b-aac0-bd789cbb4a1d}</UniqueIdentifier>
    </Filter>
    <Filter Include="Core">
      <UniqueIdentifier>{bf92f6b6-ef33-4343-b556-a2be8e0f0bce}</UniqueIdentifier>
    </Filter>
    <Filter Include="Core\Header Files">
      <UniqueIdentifier>{4a4608d5-c13c-4309-8d3d-2898cc3b1219}</UniqueIdentifier>
    </Filter>
    <Filter Include="Core\Source Files">
      <UniqueIdentifier>{72f9a024-3f4f-4db5-a6de-460380b3b4f0}</UniqueIdentifier>
    </Filter>
    <Filter Include="Rendering\Shaders\Includes">
      <UniqueIdentifier>{1f507585-5bb4-4806-b776-3a52d6fbd191}</UniqueIdentifier>
    </Filter>
  </ItemGroup>
  <ItemGroup>
    <ClInclude Include="Objects\BaseObject.h">
      <Filter>Objects\Header Files</Filter>
    </ClInclude>
    <ClInclude Include="Objects\Component.h">
      <Filter>Objects\Header Files</Filter>
    </ClInclude>
    <ClInclude Include="Objects\Transform.h">
      <Filter>Objects\Header Files</Filter>
    </ClInclude>
    <ClInclude Include="Rendering\Shader.h">
      <Filter>Rendering\Header Files</Filter>
    </ClInclude>
    <ClInclude Include="Common\Math.h">
      <Filter>Common\Header Files</Filter>
    </ClInclude>
    <ClInclude Include="Rendering\Mesh.h">
      <Filter>Rendering\Header Files</Filter>
    </ClInclude>
    <ClInclude Include="Rendering\Structures.h">
      <Filter>Rendering\Header Files</Filter>
    </ClInclude>
    <ClInclude Include="Messager\Messager.h">
      <Filter>Messanger\Header Files</Filter>
    </ClInclude>
    <ClInclude Include="Sound\SoundEngine.h">
      <Filter>Sound\Header Files</Filter>
    </ClInclude>
    <ClInclude Include="Physics\Physics.h">
      <Filter>Physics\Header Files</Filter>
    </ClInclude>
    <ClInclude Include="Rendering\RendererDefines.h">
      <Filter>Rendering\Header Files</Filter>
    </ClInclude>
    <ClInclude Include="Rendering\SystemInitializer.h">
      <Filter>Rendering\Header Files</Filter>
    </ClInclude>
    <ClInclude Include="Rendering\RenderSet.h">
      <Filter>Rendering\Header Files</Filter>
    </ClInclude>
    <ClInclude Include="Rendering\InputLayoutManager.h">
      <Filter>Rendering\Header Files\Managers</Filter>
    </ClInclude>
    <ClInclude Include="Rendering\RasterizerStateManager.h">
      <Filter>Rendering\Header Files\Managers</Filter>
    </ClInclude>
    <ClInclude Include="Rendering\RenderContext.h">
      <Filter>Rendering\Header Files\Nodes</Filter>
    </ClInclude>
    <ClInclude Include="..\DXTK\BC.h">
      <Filter>DXTK</Filter>
    </ClInclude>
    <ClInclude Include="..\DXTK\BCDirectCompute.h">
      <Filter>DXTK</Filter>
    </ClInclude>
    <ClInclude Include="..\DXTK\DDS.h">
      <Filter>DXTK</Filter>
    </ClInclude>
    <ClInclude Include="..\DXTK\ddstextureloader.h">
      <Filter>DXTK</Filter>
    </ClInclude>
    <ClInclude Include="..\DXTK\DirectXTex.h">
      <Filter>DXTK</Filter>
    </ClInclude>
    <ClInclude Include="..\DXTK\DirectXTexP.h">
      <Filter>DXTK</Filter>
    </ClInclude>
    <ClInclude Include="..\DXTK\Filters.h">
      <Filter>DXTK</Filter>
    </ClInclude>
    <ClInclude Include="..\DXTK\scoped.h">
      <Filter>DXTK</Filter>
    </ClInclude>
    <ClInclude Include="Rendering\RenderShape.h">
      <Filter>Rendering\Header Files\Nodes</Filter>
    </ClInclude>
    <ClInclude Include="Rendering\RenderNode.h">
      <Filter>Rendering\Header Files\Nodes</Filter>
    </ClInclude>
    <ClInclude Include="Rendering\ShaderManager.h">
      <Filter>Rendering\Header Files\Managers</Filter>
    </ClInclude>
    <ClInclude Include="Input\VRInputManager.h">
      <Filter>Input\Header Files</Filter>
    </ClInclude>
    <ClInclude Include="Core\Timeline.h">
      <Filter>Core\Header Files</Filter>
    </ClInclude>
    <ClInclude Include="Core\TimeManager.h">
      <Filter>Core\Header Files</Filter>
    </ClInclude>
    <ClInclude Include="Input\KeyboardInput.h">
      <Filter>Input\Header Files</Filter>
    </ClInclude>
    <ClInclude Include="Common\FileIO.h">
      <Filter>Common\Header Files</Filter>
    </ClInclude>
    <ClInclude Include="Common\FileIO\FileIO_General.h">
      <Filter>Common\FileIO\Header Files</Filter>
    </ClInclude>
    <ClInclude Include="Common\FileIO\FileIO_Textures.h">
      <Filter>Common\FileIO\Header Files</Filter>
    </ClInclude>
    <ClInclude Include="Common\Common.h">
      <Filter>Common\Header Files</Filter>
    </ClInclude>
    <ClInclude Include="Common\Logger.h">
      <Filter>Common\Header Files</Filter>
    </ClInclude>
    <ClInclude Include="Rendering\Renderer.h">
      <Filter>Rendering\Header Files</Filter>
    </ClInclude>
    <ClInclude Include="Common\Breakpoint.h">
      <Filter>Common\Header Files</Filter>
    </ClInclude>
    <ClInclude Include="Input\Controller.h">
      <Filter>Input\Header Files</Filter>
    </ClInclude>
    <ClInclude Include="Input\KeyboardInput.h">
      <Filter>Input\Header Files</Filter>
    </ClInclude>
    <ClInclude Include="Rendering\TextureManager.h">
      <Filter>Rendering\Header Files\Managers</Filter>
    </ClInclude>
    <ClInclude Include="Objects\MeshComponent.h">
      <Filter>Objects\Header Files</Filter>
    </ClInclude>
    <ClInclude Include="Actions\CodeComponent.hpp">
      <Filter>Actions</Filter>
    </ClInclude>
    <ClInclude Include="Actions\TeleportAction.hpp">
      <Filter>Actions</Filter>
    </ClInclude>
    <ClInclude Include="Rendering\IndexBufferManager.h">
      <Filter>Rendering\Header Files\Managers</Filter>
    </ClInclude>
    <ClInclude Include="Rendering\VertexBuffer.h">
      <Filter>Rendering\Header Files\Managers</Filter>
    </ClInclude>
    <ClInclude Include="Rendering\VertexBufferManager.h">
      <Filter>Rendering\Header Files\Managers</Filter>
    </ClInclude>
    <ClInclude Include="Actions\GestureDetection.hpp">
      <Filter>Actions</Filter>
    </ClInclude>
    <ClInclude Include="Common\LimitedList.h">
      <Filter>Common\Header Files</Filter>
    </ClInclude>
    <ClInclude Include="Actions\TimeManipulation.h">
      <Filter>Actions\Header Files</Filter>
    </ClInclude>
    <ClInclude Include="Core\Level.h">
      <Filter>Core\Header Files</Filter>
    </ClInclude>
    <ClInclude Include="Actions\HeadsetFollow.hpp">
      <Filter>Actions</Filter>
    </ClInclude>
    <ClInclude Include="Core\Pool.h">
      <Filter>Core\Header Files</Filter>
    </ClInclude>
    <ClInclude Include="Actions\CCButtonPress.h">
      <Filter>Actions</Filter>
    </ClInclude>
    <ClInclude Include="Actions\CCElasticAABBtoAABB.h">
      <Filter>Actions</Filter>
    </ClInclude>
    <ClInclude Include="Actions\CCElasticReactionWithPlane.h">
      <Filter>Actions</Filter>
    </ClInclude>
    <ClInclude Include="Rendering\Draw2D.h">
      <Filter>Rendering\Header Files</Filter>
    </ClInclude>
    <ClInclude Include="Input\CommandConsole.h">
      <Filter>Input\Header Files</Filter>
    </ClInclude>
    <ClInclude Include="Actions\CCElasticSphereToSphere.h">
      <Filter>Actions</Filter>
    </ClInclude>
    <ClInclude Include="Actions\CCElasticAABBToSphere.h">
      <Filter>Actions</Filter>
    </ClInclude>
    <ClInclude Include="Common\Interpolator.h">
      <Filter>Common\Header Files</Filter>
    </ClInclude>
    <ClInclude Include="Common\Math\matrix4.h">
      <Filter>Common\Math\Header Files</Filter>
    </ClInclude>
    <ClInclude Include="Common\Math\vec2f.h">
      <Filter>Common\Math\Header Files</Filter>
    </ClInclude>
    <ClInclude Include="Common\Math\vec3f.h">
      <Filter>Common\Math\Header Files</Filter>
    </ClInclude>
    <ClInclude Include="Common\Math\vec4f.h">
      <Filter>Common\Math\Header Files</Filter>
    </ClInclude>
    <ClInclude Include="Common\Math\vec4i.h">
      <Filter>Common\Math\Header Files</Filter>
    </ClInclude>
    <ClInclude Include="Input\InputTimeline.h">
      <Filter>Input\Header Files</Filter>
    </ClInclude>
    <ClInclude Include="Rendering\MeshCache.h">
      <Filter>Rendering\Header Files\Managers</Filter>
    </ClInclude>
    <ClInclude Include="Core\LevelManager.h">
      <Filter>Core\Header Files</Filter>
    </ClInclude>
    <ClInclude Include="Common\GhostList.h">
      <Filter>Common\Header Files</Filter>
    </ClInclude>
    <ClInclude Include="Rendering\RenderList.h">
      <Filter>Rendering\Header Files</Filter>
    </ClInclude>
    <ClInclude Include="Actions\MainMenuBT.h">
      <Filter>Actions</Filter>
    </ClInclude>
    <ClInclude Include="Common\Easing\Back.h">
      <Filter>Common\Easing\Header Files</Filter>
    </ClInclude>
    <ClInclude Include="Common\Easing\Bounce.h">
      <Filter>Common\Easing\Header Files</Filter>
    </ClInclude>
    <ClInclude Include="Common\Easing\Circ.h">
      <Filter>Common\Easing\Header Files</Filter>
    </ClInclude>
    <ClInclude Include="Common\Easing\Cubic.h">
      <Filter>Common\Easing\Header Files</Filter>
    </ClInclude>
    <ClInclude Include="Common\Easing\Elastic.h">
      <Filter>Common\Easing\Header Files</Filter>
    </ClInclude>
    <ClInclude Include="Common\Easing\Expo.h">
      <Filter>Common\Easing\Header Files</Filter>
    </ClInclude>
    <ClInclude Include="Common\Easing\Linear.h">
      <Filter>Common\Easing\Header Files</Filter>
    </ClInclude>
    <ClInclude Include="Common\Easing\Quad.h">
      <Filter>Common\Easing\Header Files</Filter>
    </ClInclude>
    <ClInclude Include="Common\Easing\Quart.h">
      <Filter>Common\Easing\Header Files</Filter>
    </ClInclude>
    <ClInclude Include="Common\Easing\Quint.h">
      <Filter>Common\Easing\Header Files</Filter>
    </ClInclude>
    <ClInclude Include="Common\Easing\Sine.h">
      <Filter>Common\Easing\Header Files</Filter>
    </ClInclude>
    <ClInclude Include="Common\EasingFunctions.h">
      <Filter>Common\Header Files</Filter>
    </ClInclude>
    <ClInclude Include="Common\Settings.h">
      <Filter>Common\Header Files</Filter>
    </ClInclude>
    <ClInclude Include="Actions\WhatInHellAmIHitting.hpp">
      <Filter>Actions</Filter>
    </ClInclude>
    <ClInclude Include="Particles\ParticleSystem.h">
      <Filter>Particles</Filter>
    </ClInclude>
    <ClInclude Include="Particles\ParticleComponents.h">
      <Filter>Particles</Filter>
    </ClInclude>
    <ClInclude Include="tinyxml\tinystr.h">
      <Filter>tinyxml</Filter>
    </ClInclude>
    <ClInclude Include="tinyxml\tinyxml.h">
      <Filter>tinyxml</Filter>
    </ClInclude>
    <ClInclude Include="NavMesh.h">
      <Filter>Pathing</Filter>
    </ClInclude>
    <ClInclude Include="PathPlanning.h">
      <Filter>Pathing</Filter>
    </ClInclude>
    <ClInclude Include="ParticleEffectPrototypes.h">
      <Filter>Particles</Filter>
    </ClInclude>
    <ClInclude Include="Actions\TimelineIndicator.hpp">
      <Filter>Actions</Filter>
    </ClInclude>
    <ClInclude Include="Actions\UIRewind.h">
      <Filter>Actions</Filter>
    </ClInclude>
    <ClInclude Include="Actions\CCPauseToCancel.h">
      <Filter>Actions</Filter>
    </ClInclude>
    <ClInclude Include="Actions\CCTeleToPlay.h">
      <Filter>Actions</Filter>
    </ClInclude>
    <ClInclude Include="Actions\CCDisplayOnPause.h">
      <Filter>Actions</Filter>
    </ClInclude>
    <ClInclude Include="Actions\UICreateToDeleteClone.h">
      <Filter>Actions</Filter>
    </ClInclude>
    <ClInclude Include="Actions\UIClonePlusToMinus.h">
      <Filter>Actions</Filter>
    </ClInclude>
    <ClInclude Include="Actions\UICloneText.h">
      <Filter>Actions</Filter>
    </ClInclude>
    <ClInclude Include="PMResume.h">
      <Filter>Actions</Filter>
    </ClInclude>
    <ClInclude Include="PMHubworld.h">
      <Filter>Actions</Filter>
    </ClInclude>
    <ClInclude Include="Actions\CCLoadHub.h">
      <Filter>Actions</Filter>
    </ClInclude>
    <ClInclude Include="Actions\CCEnterLevel1.h">
      <Filter>Actions</Filter>
    </ClInclude>
    <ClInclude Include="Actions\CCButtonHold.h">
      <Filter>Actions</Filter>
    </ClInclude>
    <ClInclude Include="Actions\CCBoxSpin.h">
      <Filter>Actions</Filter>
    </ClInclude>
    <ClInclude Include="Actions\CCExit.h">
      <Filter>Actions</Filter>
    </ClInclude>
    <ClInclude Include="Actions\CCStartButton.h">
      <Filter>Actions</Filter>
    </ClInclude>
    <ClInclude Include="Actions\CCTimeIndicator.h">
      <Filter>Actions</Filter>
    </ClInclude>
    <ClInclude Include="BVH.h" />
    <ClInclude Include="Actions\PauseMenu.hpp">
      <Filter>Actions</Filter>
    </ClInclude>
    <ClInclude Include="Actions\CCSnapToPlayerPos.h">
      <Filter>Actions</Filter>
    </ClInclude>
    <ClInclude Include="Actions\CCAnimationController.h">
      <Filter>Actions</Filter>
    </ClInclude>
    <ClInclude Include="Actions\CCTutorial.h">
      <Filter>Actions</Filter>
    </ClInclude>
    <ClInclude Include="Actions\CCProgressBar.h">
      <Filter>Actions</Filter>
    </ClInclude>
    <ClInclude Include="Actions\CCLevel1Tutorial.h">
      <Filter>Actions</Filter>
    </ClInclude>
    <ClInclude Include="Actions\CCLevel2Tutorial.h">
      <Filter>Actions</Filter>
    </ClInclude>
    <ClInclude Include="Actions\CCEnterLevel3.h">
      <Filter>Actions</Filter>
    </ClInclude>
    <ClInclude Include="Actions\CCLevel3ElevatorButton.h">
      <Filter>Actions</Filter>
    </ClInclude>
    <ClInclude Include="Actions\Level3TeleportAction.h">
      <Filter>Actions</Filter>
    </ClInclude>
    <ClInclude Include="Actions\CCMazeHelper.h">
      <Filter>Actions</Filter>
    </ClInclude>
    <ClInclude Include="Actions\CCLevel3BoxMovementButton.h">
      <Filter>Actions</Filter>
    </ClInclude>
    <ClInclude Include="Actions\CCBoxSpinRandom.h">
      <Filter>Actions</Filter>
    </ClInclude>
    <ClInclude Include="Actions\CCBoxSpinRandomSmall.h">
      <Filter>Actions</Filter>
    </ClInclude>
    <ClInclude Include="..\Resources\Soundbanks\Wwise_IDs.h">
      <Filter>Sound\Header Files</Filter>
    </ClInclude>
    <ClInclude Include="Actions\CCLevel3BoxSmash.h">
      <Filter>Actions</Filter>
    </ClInclude>
    <ClInclude Include="Actions\CCLevel1TutorialButton.h">
      <Filter>Actions</Filter>
    </ClInclude>
    <ClInclude Include="Actions\BoxSnapToControllerAction.hpp">
      <Filter>Actions\Header Files</Filter>
    </ClInclude>
    <ClInclude Include="Actions\CCPlatform.h">
      <Filter>Actions</Filter>
    </ClInclude>
    <ClInclude Include="Actions\CCCloneHeadCollider.h">
      <Filter>Actions</Filter>
    </ClInclude>
    <ClInclude Include="Actions\CCEnterLevel2.h">
      <Filter>Actions</Filter>
    </ClInclude>
    <ClInclude Include="Actions\CCEnterLevel4.h">
      <Filter>Actions</Filter>
    </ClInclude>
    <ClInclude Include="Actions\CCPlatformButton.h">
      <Filter>Actions</Filter>
    </ClInclude>
    <ClInclude Include="Rendering\FrameQuery.h">
      <Filter>Rendering\Header Files</Filter>
    </ClInclude>
    <ClInclude Include="Objects\LightComponent.h">
      <Filter>Objects\Header Files</Filter>
    </ClInclude>
    <ClInclude Include="Actions\CCCloneIndicator.h">
      <Filter>Actions</Filter>
    </ClInclude>
    <ClInclude Include="Actions\CCEnterLevel5.h">
      <Filter>Actions</Filter>
    </ClInclude>
    <ClInclude Include="Actions\CCLevel5Button.h">
      <Filter>Actions</Filter>
    </ClInclude>
    <ClInclude Include="Actions\CCLevel5Button2.h">
      <Filter>Actions</Filter>
    </ClInclude>
    <ClInclude Include="Actions\CCLevel5DoorButton.h">
      <Filter>Actions</Filter>
    </ClInclude>
    <ClInclude Include="Actions\CCLevel5Fields.h">
      <Filter>Actions</Filter>
    </ClInclude>
    <ClInclude Include="Actions\CCPrevButton.h">
      <Filter>Actions</Filter>
    </ClInclude>
    <ClInclude Include="Actions\CCLevel5BoxFieldCheck.h">
      <Filter>Actions</Filter>
    </ClInclude>
  </ItemGroup>
  <ItemGroup>
    <ClCompile Include="Objects\BaseObject.cpp">
      <Filter>Objects\Source Files</Filter>
    </ClCompile>
    <ClCompile Include="Objects\Component.cpp">
      <Filter>Objects\Source Files</Filter>
    </ClCompile>
    <ClCompile Include="Objects\Transform.cpp">
      <Filter>Objects\Source Files</Filter>
    </ClCompile>
    <ClCompile Include="Rendering\Shader.cpp">
      <Filter>Rendering\Source Files</Filter>
    </ClCompile>
    <ClCompile Include="ChronoLoop.cpp">
      <Filter>Core\Source Files</Filter>
    </ClCompile>
    <ClCompile Include="Messager\Messager.cpp">
      <Filter>Messanger\Source Files</Filter>
    </ClCompile>
    <ClCompile Include="Sound\SoundEngine.cpp">
      <Filter>Sound\Source Files</Filter>
    </ClCompile>
    <ClCompile Include="Physics\Physics.cpp">
      <Filter>Physics\Source Files</Filter>
    </ClCompile>
    <ClCompile Include="Rendering\RenderSet.cpp">
      <Filter>Rendering\Source Files</Filter>
    </ClCompile>
    <ClCompile Include="Rendering\RasterizerStateManager.cpp">
      <Filter>Rendering\Source Files\Managers</Filter>
    </ClCompile>
    <ClCompile Include="Rendering\InputLayoutManager.cpp">
      <Filter>Rendering\Source Files\Managers</Filter>
    </ClCompile>
    <ClCompile Include="Rendering\RenderContext.cpp">
      <Filter>Rendering\Source Files\Nodes</Filter>
    </ClCompile>
    <ClCompile Include="Rendering\RenderNode.cpp">
      <Filter>Rendering\Source Files\Nodes</Filter>
    </ClCompile>
    <ClCompile Include="..\DXTK\BC.cpp">
      <Filter>DXTK</Filter>
    </ClCompile>
    <ClCompile Include="..\DXTK\BC4BC5.cpp">
      <Filter>DXTK</Filter>
    </ClCompile>
    <ClCompile Include="..\DXTK\BC6HBC7.cpp">
      <Filter>DXTK</Filter>
    </ClCompile>
    <ClCompile Include="..\DXTK\BCDirectCompute.cpp">
      <Filter>DXTK</Filter>
    </ClCompile>
    <ClCompile Include="..\DXTK\DDSTextureLoader.cpp">
      <Filter>DXTK</Filter>
    </ClCompile>
    <ClCompile Include="..\DXTK\DirectXTexCompress.cpp">
      <Filter>DXTK</Filter>
    </ClCompile>
    <ClCompile Include="..\DXTK\DirectXTexCompressGPU.cpp">
      <Filter>DXTK</Filter>
    </ClCompile>
    <ClCompile Include="..\DXTK\DirectXTexConvert.cpp">
      <Filter>DXTK</Filter>
    </ClCompile>
    <ClCompile Include="..\DXTK\DirectXTexD3D11.cpp">
      <Filter>DXTK</Filter>
    </ClCompile>
    <ClCompile Include="..\DXTK\DirectXTexDDS.cpp">
      <Filter>DXTK</Filter>
    </ClCompile>
    <ClCompile Include="..\DXTK\DirectXTexFlipRotate.cpp">
      <Filter>DXTK</Filter>
    </ClCompile>
    <ClCompile Include="..\DXTK\DirectXTexHDR.cpp">
      <Filter>DXTK</Filter>
    </ClCompile>
    <ClCompile Include="..\DXTK\DirectXTexImage.cpp">
      <Filter>DXTK</Filter>
    </ClCompile>
    <ClCompile Include="..\DXTK\DirectXTexMipmaps.cpp">
      <Filter>DXTK</Filter>
    </ClCompile>
    <ClCompile Include="..\DXTK\DirectXTexMisc.cpp">
      <Filter>DXTK</Filter>
    </ClCompile>
    <ClCompile Include="..\DXTK\DirectXTexNormalMaps.cpp">
      <Filter>DXTK</Filter>
    </ClCompile>
    <ClCompile Include="..\DXTK\DirectXTexPMAlpha.cpp">
      <Filter>DXTK</Filter>
    </ClCompile>
    <ClCompile Include="..\DXTK\DirectXTexResize.cpp">
      <Filter>DXTK</Filter>
    </ClCompile>
    <ClCompile Include="..\DXTK\DirectXTexTGA.cpp">
      <Filter>DXTK</Filter>
    </ClCompile>
    <ClCompile Include="..\DXTK\DirectXTexUtil.cpp">
      <Filter>DXTK</Filter>
    </ClCompile>
    <ClCompile Include="..\DXTK\DirectXTexWIC.cpp">
      <Filter>DXTK</Filter>
    </ClCompile>
    <ClCompile Include="Rendering\RenderShape.cpp">
      <Filter>Rendering\Source Files\Nodes</Filter>
    </ClCompile>
    <ClCompile Include="Messager\Messager.cpp">
      <Filter>Messanger\Source Files</Filter>
    </ClCompile>
    <ClCompile Include="Input\Controller.cpp">
      <Filter>Input\Source Files</Filter>
    </ClCompile>
    <ClCompile Include="Input\VRInputManager.cpp">
      <Filter>Input\Source Files</Filter>
    </ClCompile>
    <ClCompile Include="Core\Timeline.cpp">
      <Filter>Core\Source Files</Filter>
    </ClCompile>
    <ClCompile Include="Core\TimeManager.cpp">
      <Filter>Core\Source Files</Filter>
    </ClCompile>
    <ClCompile Include="Input\KeyboardInput.cpp">
      <Filter>Input\Source Files</Filter>
    </ClCompile>
    <ClCompile Include="Rendering\ShaderManager.cpp">
      <Filter>Rendering\Source Files\Managers</Filter>
    </ClCompile>
    <ClCompile Include="Common\FileIO\FileIO_General.cpp">
      <Filter>Common\FileIO\Source Files</Filter>
    </ClCompile>
    <ClCompile Include="Common\FileIO\FileIO_Textures.cpp">
      <Filter>Common\FileIO\Source Files</Filter>
    </ClCompile>
    <ClCompile Include="Common\Logger.cpp">
      <Filter>Common\Source Files</Filter>
    </ClCompile>
    <ClCompile Include="Rendering\Renderer.cpp">
      <Filter>Rendering\Source Files</Filter>
    </ClCompile>
    <ClCompile Include="Input\Controller.cpp">
      <Filter>Input\Source Files</Filter>
    </ClCompile>
    <ClCompile Include="Input\KeyboardInput.cpp">
      <Filter>Input\Source Files</Filter>
    </ClCompile>
    <ClCompile Include="Common\Common.cpp">
      <Filter>Common\Source Files</Filter>
    </ClCompile>
    <ClCompile Include="Common\Breakpoint.cpp">
      <Filter>Common\Source Files</Filter>
    </ClCompile>
    <ClCompile Include="Rendering\TextureManager.cpp">
      <Filter>Rendering\Source Files\Managers</Filter>
    </ClCompile>
    <ClCompile Include="Rendering\Mesh.cpp">
      <Filter>Rendering\Source Files</Filter>
    </ClCompile>
    <ClCompile Include="Rendering\IndexBufferManager.cpp">
      <Filter>Rendering\Source Files\Managers</Filter>
    </ClCompile>
    <ClCompile Include="Rendering\VertexBufferManager.cpp">
      <Filter>Rendering\Source Files\Managers</Filter>
    </ClCompile>
    <ClCompile Include="Rendering\VertexBuffer.cpp">
      <Filter>Rendering\Source Files\Managers</Filter>
    </ClCompile>
    <ClCompile Include="Objects\MeshComponent.cpp">
      <Filter>Objects\Source Files</Filter>
    </ClCompile>
    <ClCompile Include="Common\LimitedList.cpp">
      <Filter>Common\Source Files</Filter>
    </ClCompile>
    <ClCompile Include="Actions\TimeManipulation.cpp">
      <Filter>Actions\Source Files</Filter>
    </ClCompile>
    <ClCompile Include="Core\Level.cpp">
      <Filter>Core\Source Files</Filter>
    </ClCompile>
    <ClCompile Include="Core\Pool.cpp">
      <Filter>Core\Source Files</Filter>
    </ClCompile>
    <ClCompile Include="Rendering\Draw2D.cpp">
      <Filter>Rendering\Source Files</Filter>
    </ClCompile>
    <ClCompile Include="Input\KeyboardInput.cpp">
      <Filter>Input\Source Files</Filter>
    </ClCompile>
    <ClCompile Include="Input\CommandConsole.cpp">
      <Filter>Input\Source Files</Filter>
    </ClCompile>
    <ClCompile Include="Common\Math\matrix4.cpp">
      <Filter>Common\Math\Source Files</Filter>
    </ClCompile>
    <ClCompile Include="Common\Math\vec2f.cpp">
      <Filter>Common\Math\Source Files</Filter>
    </ClCompile>
    <ClCompile Include="Common\Math\vec3f.cpp">
      <Filter>Common\Math\Source Files</Filter>
    </ClCompile>
    <ClCompile Include="Common\Math\vec4f.cpp">
      <Filter>Common\Math\Source Files</Filter>
    </ClCompile>
    <ClCompile Include="Common\Math\vec4i.cpp">
      <Filter>Common\Math\Source Files</Filter>
    </ClCompile>
    <ClCompile Include="Input\InputTimeline.cpp">
      <Filter>Input\Source Files</Filter>
    </ClCompile>
    <ClCompile Include="Rendering\MeshCache.cpp">
      <Filter>Rendering\Source Files\Managers</Filter>
    </ClCompile>
    <ClCompile Include="Core\LevelManager.cpp">
      <Filter>Core\Source Files</Filter>
    </ClCompile>
    <ClCompile Include="Common\Easing\Back.cpp">
      <Filter>Common\Easing\Source Files</Filter>
    </ClCompile>
    <ClCompile Include="Common\Easing\Bounce.cpp">
      <Filter>Common\Easing\Source Files</Filter>
    </ClCompile>
    <ClCompile Include="Common\Easing\Circ.cpp">
      <Filter>Common\Easing\Source Files</Filter>
    </ClCompile>
    <ClCompile Include="Common\Easing\Cubic.cpp">
      <Filter>Common\Easing\Source Files</Filter>
    </ClCompile>
    <ClCompile Include="Common\Easing\Elastic.cpp">
      <Filter>Common\Easing\Source Files</Filter>
    </ClCompile>
    <ClCompile Include="Common\Easing\Expo.cpp">
      <Filter>Common\Easing\Source Files</Filter>
    </ClCompile>
    <ClCompile Include="Common\Easing\Linear.cpp">
      <Filter>Common\Easing\Source Files</Filter>
    </ClCompile>
    <ClCompile Include="Common\Easing\Quad.cpp">
      <Filter>Common\Easing\Source Files</Filter>
    </ClCompile>
    <ClCompile Include="Common\Easing\Quart.cpp">
      <Filter>Common\Easing\Source Files</Filter>
    </ClCompile>
    <ClCompile Include="Common\Easing\Quint.cpp">
      <Filter>Common\Easing\Source Files</Filter>
    </ClCompile>
    <ClCompile Include="Common\Easing\Sine.cpp">
      <Filter>Common\Easing\Source Files</Filter>
    </ClCompile>
    <ClCompile Include="Common\Settings.cpp">
      <Filter>Common\Source Files</Filter>
    </ClCompile>
    <ClCompile Include="Rendering\RenderList.cpp">
      <Filter>Rendering\Source Files</Filter>
    </ClCompile>
    <ClCompile Include="Particles\ParticleSystem.cpp">
      <Filter>Particles</Filter>
    </ClCompile>
    <ClCompile Include="Particles\ParticleComponents.cpp">
      <Filter>Particles</Filter>
    </ClCompile>
    <ClCompile Include="tinyxml\tinystr.cpp">
      <Filter>tinyxml</Filter>
    </ClCompile>
    <ClCompile Include="tinyxml\tinyxml.cpp">
      <Filter>tinyxml</Filter>
    </ClCompile>
    <ClCompile Include="tinyxml\tinyxmlerror.cpp">
      <Filter>tinyxml</Filter>
    </ClCompile>
    <ClCompile Include="tinyxml\tinyxmlparser.cpp">
      <Filter>tinyxml</Filter>
    </ClCompile>
    <ClCompile Include="NavMesh.cpp">
      <Filter>Pathing</Filter>
    </ClCompile>
    <ClCompile Include="PathPlanning.cpp">
      <Filter>Pathing</Filter>
    </ClCompile>
    <ClCompile Include="BVH.cpp" />
    <ClCompile Include="Actions\BoxSnapToControllerAction.cpp">
      <Filter>Actions</Filter>
    </ClCompile>
    <ClCompile Include="Rendering\FrameQuery.cpp">
      <Filter>Rendering\Source Files</Filter>
    </ClCompile>
    <ClCompile Include="Objects\LightComponent.cpp">
      <Filter>Objects\Source Files</Filter>
    </ClCompile>
  </ItemGroup>
  <ItemGroup>
    <FxCompile Include="Rendering\Shaders\VertexLayout_POS_VS.hlsl">
      <Filter>Rendering\Shaders\Layout Shaders</Filter>
    </FxCompile>
    <FxCompile Include="Rendering\Shaders\VertexLayout_POSBONEWEIGHT_VS.hlsl">
      <Filter>Rendering\Shaders\Layout Shaders</Filter>
    </FxCompile>
    <FxCompile Include="Rendering\Shaders\VertexLayout_POSBONEWEIGHTNORMTANTEX_VS.hlsl">
      <Filter>Rendering\Shaders\Layout Shaders</Filter>
    </FxCompile>
    <FxCompile Include="Rendering\Shaders\VertexLayout_POSBONEWEIGHTNORMTEX_VS.hlsl">
      <Filter>Rendering\Shaders\Layout Shaders</Filter>
    </FxCompile>
    <FxCompile Include="Rendering\Shaders\VertexLayout_POSCOLOR_VS.hlsl">
      <Filter>Rendering\Shaders\Layout Shaders</Filter>
    </FxCompile>
    <FxCompile Include="Rendering\Shaders\VertexLayout_POSNORMTANTEX_VS.hlsl">
      <Filter>Rendering\Shaders\Layout Shaders</Filter>
    </FxCompile>
    <FxCompile Include="Rendering\Shaders\VertexLayout_POSNORMTEX_VS.hlsl">
      <Filter>Rendering\Shaders\Layout Shaders</Filter>
    </FxCompile>
    <FxCompile Include="Rendering\Shaders\VertexLayout_POSTEX_VS.hlsl">
      <Filter>Rendering\Shaders\Layout Shaders</Filter>
    </FxCompile>
    <FxCompile Include="Rendering\Shaders\VertexLayout_VS.hlsl">
      <Filter>Rendering\Shaders\Layout Shaders</Filter>
    </FxCompile>
    <FxCompile Include="Particles\GSParticles.hlsl">
      <Filter>Particles</Filter>
    </FxCompile>
    <FxCompile Include="Particles\ParticlePixelShader.hlsl">
      <Filter>Particles</Filter>
    </FxCompile>
    <FxCompile Include="Particles\ParticleVertexShader.hlsl">
      <Filter>Particles</Filter>
    </FxCompile>
    <FxCompile Include="Rendering\Shaders\BasicPixel.hlsl">
      <Filter>Rendering\Shaders\Pixel shaders</Filter>
    </FxCompile>
    <FxCompile Include="Rendering\Shaders\TexturedPixel.hlsl">
      <Filter>Rendering\Shaders\Pixel shaders</Filter>
    </FxCompile>
    <FxCompile Include="Rendering\Shaders\TexturedVertex.hlsl">
      <Filter>Rendering\Shaders\Vertex Shaders</Filter>
    </FxCompile>
    <FxCompile Include="Rendering\Shaders\GSDuplicateMesh.hlsl">
      <Filter>Rendering\Shaders\Geometry Shaders</Filter>
    </FxCompile>
    <FxCompile Include="Rendering\Shaders\NDCVertex.hlsl">
      <Filter>Rendering\Shaders\Vertex Shaders</Filter>
    </FxCompile>
    <FxCompile Include="Rendering\Shaders\GSNDC.hlsl">
      <Filter>Rendering\Shaders\Geometry Shaders</Filter>
    </FxCompile>
    <FxCompile Include="Rendering\Shaders\PSTimeManipulation.hlsl">
      <Filter>Rendering\Shaders\Pixel shaders</Filter>
    </FxCompile>
    <FxCompile Include="Rendering\Shaders\PSTransparent.hlsl">
      <Filter>Rendering\Shaders\Pixel shaders</Filter>
    </FxCompile>
    <FxCompile Include="Rendering\Shaders\PSPureTexture.hlsl">
      <Filter>Rendering\Shaders\Pixel shaders</Filter>
    </FxCompile>
    <FxCompile Include="Rendering\Shaders\PSTransparentScanline.hlsl">
      <Filter>Rendering\Shaders\Pixel shaders</Filter>
    </FxCompile>
    <FxCompile Include="Rendering\shaders\PSAnimatedMultiscan.hlsl">
      <Filter>Rendering\Shaders\Pixel shaders</Filter>
    </FxCompile>
    <FxCompile Include="Renderer\shaders\GSAnimatedQuad.hlsl">
      <Filter>Rendering\Shaders\Geometry Shaders</Filter>
    </FxCompile>
    <FxCompile Include="Rendering\Shaders\PSBlur.hlsl">
      <Filter>Rendering\Shaders\Pixel shaders</Filter>
    </FxCompile>
    <FxCompile Include="Rendering\Shaders\VSBlur.hlsl">
      <Filter>Rendering\Shaders\Vertex Shaders</Filter>
    </FxCompile>
    <FxCompile Include="Rendering\Shaders\PSBloom.hlsl">
      <Filter>Rendering\Shaders\Pixel shaders</Filter>
    </FxCompile>
    <FxCompile Include="Rendering\Shaders\PSCombiner.hlsl">
      <Filter>Rendering\Shaders\Pixel shaders</Filter>
    </FxCompile>
    <FxCompile Include="Rendering\Shaders\PSSolidColor.hlsl">
      <Filter>Rendering\Shaders\Pixel shaders</Filter>
    </FxCompile>
    <FxCompile Include="Rendering\Shaders\PSLighting.hlsl">
      <Filter>Rendering\Shaders\Pixel shaders</Filter>
    </FxCompile>
  </ItemGroup>
  <ItemGroup>
    <FxCompile Include="Rendering\Shaders\VertexLayout_POS_VS.hlsl">
      <Filter>Rendering\Shaders\Layout Shaders</Filter>
    </FxCompile>
    <FxCompile Include="Rendering\Shaders\VertexLayout_POSBONEWEIGHT_VS.hlsl">
      <Filter>Rendering\Shaders\Layout Shaders</Filter>
    </FxCompile>
    <FxCompile Include="Rendering\Shaders\VertexLayout_POSBONEWEIGHTNORMTANTEX_VS.hlsl">
      <Filter>Rendering\Shaders\Layout Shaders</Filter>
    </FxCompile>
    <FxCompile Include="Rendering\Shaders\VertexLayout_POSBONEWEIGHTNORMTEX_VS.hlsl">
      <Filter>Rendering\Shaders\Layout Shaders</Filter>
    </FxCompile>
    <FxCompile Include="Rendering\Shaders\VertexLayout_POSCOLOR_VS.hlsl">
      <Filter>Rendering\Shaders\Layout Shaders</Filter>
    </FxCompile>
    <FxCompile Include="Rendering\Shaders\VertexLayout_POSNORMTANTEX_VS.hlsl">
      <Filter>Rendering\Shaders\Layout Shaders</Filter>
    </FxCompile>
    <FxCompile Include="Rendering\Shaders\VertexLayout_POSNORMTEX_VS.hlsl">
      <Filter>Rendering\Shaders\Layout Shaders</Filter>
    </FxCompile>
    <FxCompile Include="Rendering\Shaders\VertexLayout_POSTEX_VS.hlsl">
      <Filter>Rendering\Shaders\Layout Shaders</Filter>
    </FxCompile>
    <FxCompile Include="Rendering\Shaders\VertexLayout_VS.hlsl">
      <Filter>Rendering\Shaders\Layout Shaders</Filter>
    </FxCompile>
  </ItemGroup>
  <ItemGroup>
    <None Include="Rendering\Shaders\VertexLayouts.hlsli">
      <Filter>Rendering\Shaders\Layout Shaders</Filter>
    </None>
    <None Include="Rendering\Shaders\VertexLayouts.hlsli">
      <Filter>Rendering\Shaders\Layout Shaders</Filter>
    </None>
    <None Include="..\DXTK\DirectXTex.inl">
      <Filter>DXTK</Filter>
    </None>
    <None Include="Rendering\RenderShaderDefines.hlsli">
      <Filter>Rendering\Header Files</Filter>
    </None>
    <None Include="Rendering\Shaders\Structs.hlsli">
      <Filter>Rendering\Shaders\Includes</Filter>
    </None>
    <None Include="Rendering\Shaders\LightFunctions.hlsli">
      <Filter>Rendering\Shaders\Includes</Filter>
    </None>
  </ItemGroup>
</Project>