<?xml version="1.0" encoding="utf-8"?>
<Project ToolsVersion="4.0" xmlns="http://schemas.microsoft.com/developer/msbuild/2003">
  <ItemGroup>
    <FxCompile Include="Rendering\Shaders\BasicPixelShader.hlsl">
      <Filter>Rendering\Shaders</Filter>
    </FxCompile>
    <FxCompile Include="Rendering\Shaders\BasicVertexShader.hlsl">
      <Filter>Rendering\Shaders</Filter>
    </FxCompile>
    <FxCompile Include="Rendering\Shaders\VertexLayout_POS_VS.hlsl">
      <Filter>Rendering\Shaders\VertexLayoutShaders</Filter>
    </FxCompile>
    <FxCompile Include="Rendering\Shaders\VertexLayout_POSBONEWEIGHT_VS.hlsl">
      <Filter>Rendering\Shaders\VertexLayoutShaders</Filter>
    </FxCompile>
    <FxCompile Include="Rendering\Shaders\VertexLayout_POSBONEWEIGHTNORMTANTEX_VS.hlsl">
      <Filter>Rendering\Shaders\VertexLayoutShaders</Filter>
    </FxCompile>
    <FxCompile Include="Rendering\Shaders\VertexLayout_POSBONEWEIGHTNORMTEX_VS.hlsl">
      <Filter>Rendering\Shaders\VertexLayoutShaders</Filter>
    </FxCompile>
    <FxCompile Include="Rendering\Shaders\VertexLayout_POSCOLOR_VS.hlsl">
      <Filter>Rendering\Shaders\VertexLayoutShaders</Filter>
    </FxCompile>
    <FxCompile Include="Rendering\Shaders\VertexLayout_POSNORMTANTEX_VS.hlsl">
      <Filter>Rendering\Shaders\VertexLayoutShaders</Filter>
    </FxCompile>
    <FxCompile Include="Rendering\Shaders\VertexLayout_POSNORMTEX_VS.hlsl">
      <Filter>Rendering\Shaders\VertexLayoutShaders</Filter>
    </FxCompile>
    <FxCompile Include="Rendering\Shaders\VertexLayout_POSTEX_VS.hlsl">
      <Filter>Rendering\Shaders\VertexLayoutShaders</Filter>
    </FxCompile>
    <FxCompile Include="Rendering\Shaders\VertexLayout_VS.hlsl">
      <Filter>Rendering\Shaders\VertexLayoutShaders</Filter>
    </FxCompile>
  </ItemGroup>
  <ItemGroup>
    <ClCompile Include="Common\Math.cpp">
      <Filter>Common</Filter>
    </ClCompile>
    <ClCompile Include="Physics\Physics.cpp">
      <Filter>Physics</Filter>
    </ClCompile>
    <ClCompile Include="Sound\SoundEngine.cpp">
      <Filter>Sound\Sources</Filter>
    </ClCompile>
    <ClCompile Include="Objects\BaseObject.cpp">
      <Filter>Objects\Sources</Filter>
    </ClCompile>
    <ClCompile Include="Objects\Component.cpp">
      <Filter>Objects\Sources</Filter>
    </ClCompile>
    <ClCompile Include="Objects\Transform.cpp">
      <Filter>Objects\Sources</Filter>
    </ClCompile>
    <ClCompile Include="BaseLevel.cpp">
      <Filter>Level\Sources</Filter>
    </ClCompile>
    <ClCompile Include="LevelManager.cpp">
      <Filter>Level\Sources</Filter>
    </ClCompile>
    <ClCompile Include="Messager\Messager.cpp">
      <Filter>Messanger\Sources</Filter>
    </ClCompile>
    <ClCompile Include="Input\KeyboardInput.cpp">
      <Filter>Input\Sources</Filter>
    </ClCompile>
    <ClCompile Include="ChronoLoop.cpp">
      <Filter>Core\Sources</Filter>
    </ClCompile>
    <ClCompile Include="stdafx.cpp">
      <Filter>Core\Sources</Filter>
    </ClCompile>
    <ClCompile Include="Timeline.cpp">
      <Filter>Core\Sources</Filter>
    </ClCompile>
    <ClCompile Include="Rendering\Mesh.cpp">
      <Filter>Rendering\Sources</Filter>
    </ClCompile>
    <ClCompile Include="Rendering\renderer.cpp">
      <Filter>Rendering\Sources</Filter>
    </ClCompile>
    <ClCompile Include="Rendering\RenderSet.cpp">
      <Filter>Rendering\Sources</Filter>
    </ClCompile>
    <ClCompile Include="Rendering\Shader.cpp">
      <Filter>Rendering\Sources</Filter>
    </ClCompile>
    <ClCompile Include="Rendering\RasterizerStateManager.cpp">
      <Filter>Rendering\Sources\Managers</Filter>
    </ClCompile>
    <ClCompile Include="Rendering\InputLayoutManager.cpp">
      <Filter>Rendering\Sources\Managers</Filter>
    </ClCompile>
    <ClCompile Include="Rendering\RenderContext.cpp">
      <Filter>Rendering\Sources\Nodes</Filter>
    </ClCompile>
    <ClCompile Include="Rendering\RenderNode.cpp">
      <Filter>Rendering\Sources\Nodes</Filter>
    </ClCompile>
    <ClCompile Include="Rendering\RenderShape.cpp">
      <Filter>Rendering\Sources\Nodes</Filter>
    </ClCompile>
  </ItemGroup>
  <ItemGroup>
    <ClInclude Include="Common\Math.h">
      <Filter>Common</Filter>
    </ClInclude>
    <ClInclude Include="Physics\Physics.h">
      <Filter>Physics</Filter>
    </ClInclude>
    <ClInclude Include="Sound\SoundEngine.h">
      <Filter>Sound\Headers</Filter>
    </ClInclude>
    <ClInclude Include="Objects\BaseObject.h">
      <Filter>Objects\Headers</Filter>
    </ClInclude>
    <ClInclude Include="Objects\Component.h">
      <Filter>Objects\Headers</Filter>
    </ClInclude>
    <ClInclude Include="Objects\Components.h">
      <Filter>Objects\Headers</Filter>
    </ClInclude>
    <ClInclude Include="Objects\Transform.h">
      <Filter>Objects\Headers</Filter>
    </ClInclude>
    <ClInclude Include="LevelManager.h">
      <Filter>Level\Headers</Filter>
    </ClInclude>
    <ClInclude Include="BaseLevel.h">
      <Filter>Level\Headers</Filter>
    </ClInclude>
    <ClInclude Include="Messager\Message.h">
      <Filter>Messanger\Headers</Filter>
    </ClInclude>
    <ClInclude Include="Messager\Messager.h">
      <Filter>Messanger\Headers</Filter>
    </ClInclude>
    <ClInclude Include="Input\KeyboardInput.h">
      <Filter>Input\Headers</Filter>
    </ClInclude>
    <ClInclude Include="Timeline.h">
      <Filter>Core\Headers</Filter>
    </ClInclude>
    <ClInclude Include="targetver.h">
      <Filter>Core\Headers</Filter>
    </ClInclude>
    <ClInclude Include="stdafx.h">
      <Filter>Core\Headers</Filter>
    </ClInclude>
    <ClInclude Include="Rendering\Mesh.h">
      <Filter>Rendering\Headers</Filter>
    </ClInclude>
    <ClInclude Include="Rendering\renderer.h">
      <Filter>Rendering\Headers</Filter>
    </ClInclude>
    <ClInclude Include="Rendering\RendererDefines.h">
      <Filter>Rendering\Headers</Filter>
    </ClInclude>
    <ClInclude Include="Rendering\RenderSet.h">
      <Filter>Rendering\Headers</Filter>
    </ClInclude>
    <ClInclude Include="Rendering\Shader.h">
      <Filter>Rendering\Headers</Filter>
    </ClInclude>
    <ClInclude Include="Rendering\Structures.h">
      <Filter>Rendering\Headers</Filter>
    </ClInclude>
    <ClInclude Include="Rendering\SystemInitializer.h">
      <Filter>Rendering\Headers</Filter>
    </ClInclude>
    <ClInclude Include="Rendering\RenderNode.h">
      <Filter>Rendering\Headers\Nodes</Filter>
    </ClInclude>
    <ClInclude Include="Rendering\RenderShape.h">
      <Filter>Rendering\Headers\Nodes</Filter>
    </ClInclude>
    <ClInclude Include="Rendering\RenderContext.h">
      <Filter>Rendering\Headers\Nodes</Filter>
    </ClInclude>
    <ClInclude Include="Rendering\InputLayoutManager.h">
      <Filter>Rendering\Headers\Managers</Filter>
    </ClInclude>
    <ClInclude Include="Rendering\RasterizerStateManager.h">
      <Filter>Rendering\Headers\Managers</Filter>
    </ClInclude>
  </ItemGroup>
  <ItemGroup>
    <Filter Include="Common">
      <UniqueIdentifier>{077472a7-b19c-464c-9bdc-6ca2ec97874e}</UniqueIdentifier>
    </Filter>
    <Filter Include="Core">
      <UniqueIdentifier>{e0755790-0607-4ccc-b6d9-1b6c63dccb8a}</UniqueIdentifier>
    </Filter>
    <Filter Include="Input">
      <UniqueIdentifier>{82c15050-32fd-4e81-8b71-7310595fd579}</UniqueIdentifier>
    </Filter>
    <Filter Include="Physics">
      <UniqueIdentifier>{0173bafb-66b8-4b97-88a0-9355a6e17c2c}</UniqueIdentifier>
    </Filter>
    <Filter Include="Rendering">
      <UniqueIdentifier>{f0dcd7b4-c34c-4cff-acc7-2014ed688bf4}</UniqueIdentifier>
    </Filter>
    <Filter Include="Sound">
      <UniqueIdentifier>{0328d42d-8415-435a-9fa2-35bfc1526f07}</UniqueIdentifier>
    </Filter>
    <Filter Include="Messanger">
      <UniqueIdentifier>{664d11c5-ddf1-48dd-8a95-f62e4386995c}</UniqueIdentifier>
    </Filter>
    <Filter Include="Objects">
      <UniqueIdentifier>{dfa5f0d8-3e8c-43fd-bd90-70b7cb6c7121}</UniqueIdentifier>
    </Filter>
    <Filter Include="Level">
      <UniqueIdentifier>{15dce99f-ae7c-4d45-bd1e-46ea5f7cf90f}</UniqueIdentifier>
    </Filter>
    <Filter Include="Core\Headers">
      <UniqueIdentifier>{1d173117-d9d0-47fe-a1b9-dd2455ff7320}</UniqueIdentifier>
    </Filter>
    <Filter Include="Core\Sources">
      <UniqueIdentifier>{90040358-ac71-4e6b-97f0-3509eee874f1}</UniqueIdentifier>
    </Filter>
    <Filter Include="Input\Headers">
      <UniqueIdentifier>{793ad236-81ae-40a7-a75b-fbf8fef3027b}</UniqueIdentifier>
    </Filter>
    <Filter Include="Input\Sources">
      <UniqueIdentifier>{a7a14f10-021c-496e-b100-6504dffccb39}</UniqueIdentifier>
    </Filter>
    <Filter Include="Messanger\Headers">
      <UniqueIdentifier>{2c760c05-c5c8-4cd9-b249-aa2c6232b05d}</UniqueIdentifier>
    </Filter>
    <Filter Include="Messanger\Sources">
      <UniqueIdentifier>{86465840-eeff-4dfd-a999-32c8e97a5472}</UniqueIdentifier>
    </Filter>
    <Filter Include="Level\Headers">
      <UniqueIdentifier>{2861fd03-0312-475c-9c1f-ef8aa5d2bc9b}</UniqueIdentifier>
    </Filter>
    <Filter Include="Level\Sources">
      <UniqueIdentifier>{91ecfcff-22a1-42d8-ba3f-fbe8ecf31857}</UniqueIdentifier>
    </Filter>
    <Filter Include="Objects\Headers">
      <UniqueIdentifier>{d031aedb-0df5-418b-930c-f6813439b266}</UniqueIdentifier>
    </Filter>
    <Filter Include="Objects\Sources">
      <UniqueIdentifier>{3bd677ff-5b11-424c-ba1e-3a048a58db03}</UniqueIdentifier>
    </Filter>
    <Filter Include="Sound\Headers">
      <UniqueIdentifier>{547545e9-7ed9-494f-9708-fb1b36d419c8}</UniqueIdentifier>
    </Filter>
    <Filter Include="Sound\Sources">
      <UniqueIdentifier>{53152a98-8915-452b-bd03-9818b97bf781}</UniqueIdentifier>
    </Filter>
    <Filter Include="Rendering\Headers">
      <UniqueIdentifier>{497eff83-1fbc-4f02-9ebf-d3e52da52a95}</UniqueIdentifier>
    </Filter>
    <Filter Include="Rendering\Sources">
      <UniqueIdentifier>{4395cf04-408b-4202-8933-ddc65dac54bf}</UniqueIdentifier>
    </Filter>
    <Filter Include="Rendering\Shaders">
      <UniqueIdentifier>{bbf78c16-c2eb-44d0-91ab-70200331a131}</UniqueIdentifier>
    </Filter>
    <Filter Include="Rendering\Shaders\VertexLayoutShaders">
      <UniqueIdentifier>{895b4005-5293-45ec-a9bb-910a2beb0d51}</UniqueIdentifier>
    </Filter>
    <Filter Include="Rendering\Headers\Nodes">
      <UniqueIdentifier>{d453a5a2-a982-4d3e-8c3e-da725a79f5e5}</UniqueIdentifier>
    </Filter>
    <Filter Include="Rendering\Headers\Managers">
      <UniqueIdentifier>{0be98825-7c1e-4d81-ae03-16ee7d14e554}</UniqueIdentifier>
    </Filter>
    <Filter Include="Rendering\Sources\Managers">
      <UniqueIdentifier>{ec05b774-50c0-4c0f-aabd-af2470963ee1}</UniqueIdentifier>
    </Filter>
    <Filter Include="Rendering\Sources\Nodes">
      <UniqueIdentifier>{31dd0409-c301-44ec-87ef-c93f249b34bc}</UniqueIdentifier>
    </Filter>
  </ItemGroup>
  <ItemGroup>
    <None Include="Rendering\Shaders\VertexLayouts.hlsli">
      <Filter>Rendering\Shaders\VertexLayoutShaders</Filter>
    </None>
  </ItemGroup>
</Project>