
Microsoft Visual Studio Solution File, Format Version 12.00
# Visual Studio 2012
Project("{8BC9CEB8-8B4A-11D0-8D11-00A0C91BC942}") = "AkSoundEngineDLL", "AkSoundEngineDLL_vc110.vcxproj", "{B5226101-74A2-32DE-17C9-C321982A567B}"
	ProjectSection(ProjectDependencies) = postProject
		{B062F8F7-A452-038F-B6C3-632FAA5BE0F6} = {B062F8F7-A452-038F-B6C3-632FAA5BE0F6}
		{0027284E-6B88-E537-011A-6C26237019F3} = {0027284E-6B88-E537-011A-6C26237019F3}
		{36C9390B-EE87-60B3-7E61-4677E326C44A} = {36C9390B-EE87-60B3-7E61-4677E326C44A}
		{5A30D3AF-38D0-2987-C4E0-10FFE36B8A8E} = {5A30D3AF-38D0-2987-C4E0-10FFE36B8A8E}
		{03C81D80-C2C7-91A0-2CD2-A2E566F44710} = {03C81D80-C2C7-91A0-2CD2-A2E566F44710}
		{8B6EAA9C-FD57-264E-8F6B-7D2E113287D4} = {8B6EAA9C-FD57-264E-8F6B-7D2E113287D4}
		{3783AE7A-7E71-94AC-BE6F-8CF8839F376E} = {3783AE7A-7E71-94AC-BE6F-8CF8839F376E}
		{D4310FCF-15E2-6080-935A-29F75F8D43D7} = {D4310FCF-15E2-6080-935A-29F75F8D43D7}
		{7CB7DA64-A65A-28BF-5CD5-5DEDC4F5199E} = {7CB7DA64-A65A-28BF-5CD5-5DEDC4F5199E}
		{F560897C-ACDB-2C27-BF98-9545ECB173BB} = {F560897C-ACDB-2C27-BF98-9545ECB173BB}
		{69877536-B933-3949-7D9B-8B8BFE0896C7} = {69877536-B933-3949-7D9B-8B8BFE0896C7}
		{90F1B29B-F5F1-F28F-A81F-8E90008B2874} = {90F1B29B-F5F1-F28F-A81F-8E90008B2874}
		{AC334E06-D6AD-BBCA-3602-6ECAB5F18D81} = {AC334E06-D6AD-BBCA-3602-6ECAB5F18D81}
		{AE93AC44-B45F-04FE-7A48-5826822863C6} = {AE93AC44-B45F-04FE-7A48-5826822863C6}
		{A2391002-9539-12FC-BEB9-3E138C6400E7} = {A2391002-9539-12FC-BEB9-3E138C6400E7}
		{96138E9C-5455-58F9-67BA-98F054D752FF} = {96138E9C-5455-58F9-67BA-98F054D752FF}
		{7958FC20-BEF1-F234-4958-21EBED6AB51E} = {7958FC20-BEF1-F234-4958-21EBED6AB51E}
		{26F61205-FBF3-E0D5-D0EE-434C07071BCE} = {26F61205-FBF3-E0D5-D0EE-434C07071BCE}
		{C95B600B-AC82-3686-82FF-36B9F2E486F5} = {C95B600B-AC82-3686-82FF-36B9F2E486F5}
		{F0EE02A7-0B90-3D2A-8B98-ECF360C4EB6D} = {F0EE02A7-0B90-3D2A-8B98-ECF360C4EB6D}
		{6311202E-06BC-D53C-D41F-8E940916B366} = {6311202E-06BC-D53C-D41F-8E940916B366}
		{891C85B4-53B1-7175-9EEB-EC72CD51F090} = {891C85B4-53B1-7175-9EEB-EC72CD51F090}
		{F9B10A73-AE2E-5CD8-0DC5-CCC17079E0D4} = {F9B10A73-AE2E-5CD8-0DC5-CCC17079E0D4}
		{2DC316F3-7095-843E-3FFD-81BF233703AB} = {2DC316F3-7095-843E-3FFD-81BF233703AB}
		{C036FD05-B535-7382-8213-DE8447D04057} = {C036FD05-B535-7382-8213-DE8447D04057}
		{2E7AA6BB-60F4-C8B0-D8BC-B7EC0E25791B} = {2E7AA6BB-60F4-C8B0-D8BC-B7EC0E25791B}
		{EB04374F-CC29-04F6-4EF0-30DF55C22762} = {EB04374F-CC29-04F6-4EF0-30DF55C22762}
		{79DD3480-4A8F-F8D7-9076-89501510CC2F} = {79DD3480-4A8F-F8D7-9076-89501510CC2F}
		{C21A4005-8ECB-19D5-E6E0-21DD99BD23FD} = {C21A4005-8ECB-19D5-E6E0-21DD99BD23FD}
		{B7764B22-77B0-B409-3006-0401F599915B} = {B7764B22-77B0-B409-3006-0401F599915B}
		{0435B977-E90D-1DAD-5EF1-E161EDC94614} = {0435B977-E90D-1DAD-5EF1-E161EDC94614}
		{BB1C7259-DD82-471A-F2EB-47B50D5CEE10} = {BB1C7259-DD82-471A-F2EB-47B50D5CEE10}
		{662E941A-D3E1-91B0-55A6-EB9A60994EEE} = {662E941A-D3E1-91B0-55A6-EB9A60994EEE}
		{C495A253-5538-99F5-4742-83B6F00E12ED} = {C495A253-5538-99F5-4742-83B6F00E12ED}
		{43303984-3F56-1812-05A9-AED612DF8604} = {43303984-3F56-1812-05A9-AED612DF8604}
		{4E61FFCD-0604-5D23-4EF7-267566240ACB} = {4E61FFCD-0604-5D23-4EF7-267566240ACB}
		{28A8BD32-F219-34E9-B0AD-89D4D7FDC916} = {28A8BD32-F219-34E9-B0AD-89D4D7FDC916}
		{57BE5950-0B77-B4BA-2A6B-07008F793272} = {57BE5950-0B77-B4BA-2A6B-07008F793272}
		{4B37B4FE-31C4-5D4E-7E5D-828EA9F259E1} = {4B37B4FE-31C4-5D4E-7E5D-828EA9F259E1}
		{E15F72B0-1DBC-DAAA-2DFC-BB2DDBF98FFE} = {E15F72B0-1DBC-DAAA-2DFC-BB2DDBF98FFE}
		{A1B95D86-04B8-06D2-41BC-FA6759C3B62A} = {A1B95D86-04B8-06D2-41BC-FA6759C3B62A}
		{6CC0ADE8-6E8D-88F8-C8F3-AE4DCFFA8512} = {6CC0ADE8-6E8D-88F8-C8F3-AE4DCFFA8512}
		{8BEC36AE-DFD6-2ACB-F3D5-2C995F88010A} = {8BEC36AE-DFD6-2ACB-F3D5-2C995F88010A}
		{B7096E44-3428-2FD5-6944-5A37A32BFE9E} = {B7096E44-3428-2FD5-6944-5A37A32BFE9E}
		{18E8C931-D31B-EAB0-37DF-61BC9E276C11} = {18E8C931-D31B-EAB0-37DF-61BC9E276C11}
		{5FC4A8E9-E56F-6AB4-A915-978F0F109F3D} = {5FC4A8E9-E56F-6AB4-A915-978F0F109F3D}
		{D8C95AAC-419F-5DDC-8951-153D4C5B24BC} = {D8C95AAC-419F-5DDC-8951-153D4C5B24BC}
		{80C7EECB-C848-6A81-F555-C0FAC905C28B} = {80C7EECB-C848-6A81-F555-C0FAC905C28B}
		{803B0627-DA47-8563-011A-D8E26E544253} = {803B0627-DA47-8563-011A-D8E26E544253}
		{602F0D54-BB0A-04A5-5B49-4FAA11B573FC} = {602F0D54-BB0A-04A5-5B49-4FAA11B573FC}
		{DB72850F-6585-1E93-C2CC-0BC5A88174BC} = {DB72850F-6585-1E93-C2CC-0BC5A88174BC}
	EndProjectSection
EndProject
Global
	GlobalSection(SolutionConfigurationPlatforms) = preSolution
		Debug|Win32 = Debug|Win32
		Debug|x64 = Debug|x64
		Profile|Win32 = Profile|Win32
		Profile|x64 = Profile|x64
		Release|Win32 = Release|Win32
		Release|x64 = Release|x64
	EndGlobalSection
	GlobalSection(ProjectConfigurationPlatforms) = postSolution
		{B5226101-74A2-32DE-17C9-C321982A567B}.Debug|Win32.ActiveCfg = Debug|Win32
		{B5226101-74A2-32DE-17C9-C321982A567B}.Debug|Win32.Build.0 = Debug|Win32
		{B5226101-74A2-32DE-17C9-C321982A567B}.Debug|x64.ActiveCfg = Debug|x64
		{B5226101-74A2-32DE-17C9-C321982A567B}.Debug|x64.Build.0 = Debug|x64
		{B5226101-74A2-32DE-17C9-C321982A567B}.Profile|Win32.ActiveCfg = Profile|Win32
		{B5226101-74A2-32DE-17C9-C321982A567B}.Profile|Win32.Build.0 = Profile|Win32
		{B5226101-74A2-32DE-17C9-C321982A567B}.Profile|x64.ActiveCfg = Profile|x64
		{B5226101-74A2-32DE-17C9-C321982A567B}.Profile|x64.Build.0 = Profile|x64
		{B5226101-74A2-32DE-17C9-C321982A567B}.Release|Win32.ActiveCfg = Release|Win32
		{B5226101-74A2-32DE-17C9-C321982A567B}.Release|Win32.Build.0 = Release|Win32
		{B5226101-74A2-32DE-17C9-C321982A567B}.Release|x64.ActiveCfg = Release|x64
		{B5226101-74A2-32DE-17C9-C321982A567B}.Release|x64.Build.0 = Release|x64
	EndGlobalSection
	GlobalSection(SolutionProperties) = preSolution
		HideSolutionNode = FALSE
	EndGlobalSection
	GlobalSection(NestedProjects) = preSolution
	EndGlobalSection
EndGlobal
