
Microsoft Visual Studio Solution File, Format Version 12.00
# Visual Studio 14
VisualStudioVersion = 14.0.25420.1
MinimumVisualStudioVersion = 10.0.40219.1
Project("{8BC9CEB8-8B4A-11D0-8D11-00A0C91BC942}") = "ChronoLoop", "ChronoLoop\ChronoLoop.vcxproj", "{D3511621-8C2B-4220-8970-84928FF7AA34}"
	ProjectSection(ProjectDependencies) = postProject
		{B423F6A9-5E33-4CAF-BCF3-F5C768022487} = {B423F6A9-5E33-4CAF-BCF3-F5C768022487}
		{1CC1B7D2-B858-4D82-91FF-EE2D2CE40318} = {1CC1B7D2-B858-4D82-91FF-EE2D2CE40318}
		{48DAEEE4-E9E8-4597-855F-8C9E22B767F1} = {48DAEEE4-E9E8-4597-855F-8C9E22B767F1}
		{13445AFB-63B9-4663-A7C9-2E985029CA16} = {13445AFB-63B9-4663-A7C9-2E985029CA16}
	EndProjectSection
EndProject
Project("{8BC9CEB8-8B4A-11D0-8D11-00A0C91BC942}") = "RenderEngine", "RenderEngine\RenderEngine.vcxproj", "{1CC1B7D2-B858-4D82-91FF-EE2D2CE40318}"
EndProject
Project("{8BC9CEB8-8B4A-11D0-8D11-00A0C91BC942}") = "InputEngine", "InputEngine\InputEngine.vcxproj", "{B423F6A9-5E33-4CAF-BCF3-F5C768022487}"
EndProject
Project("{8BC9CEB8-8B4A-11D0-8D11-00A0C91BC942}") = "PhysicsEngine", "PhysicsEngine\PhysicsEngine.vcxproj", "{13445AFB-63B9-4663-A7C9-2E985029CA16}"
EndProject
Project("{8BC9CEB8-8B4A-11D0-8D11-00A0C91BC942}") = "ObjectEngine", "ObjectEngine\ObjectEngine.vcxproj", "{48DAEEE4-E9E8-4597-855F-8C9E22B767F1}"
EndProject
Project("{8BC9CEB8-8B4A-11D0-8D11-00A0C91BC942}") = "FBXLoader", "FBXLoader\FBXLoader.vcxproj", "{F671FC32-89DC-4B7F-A399-0F26A89329C4}"
EndProject
Project("{8BC9CEB8-8B4A-11D0-8D11-00A0C91BC942}") = "SoundEngine", "SoundEngine\SoundEngine.vcxproj", "{C2C9C8BB-0CF6-47C8-858B-BF2C690A302C}"
EndProject
Project("{8BC9CEB8-8B4A-11D0-8D11-00A0C91BC942}") = "Messager", "Messager\Messager.vcxproj", "{1EFF6F6F-D7C1-4EC8-B4C4-C171697B947F}"
EndProject
Global
	GlobalSection(SolutionConfigurationPlatforms) = preSolution
		Debug|x64 = Debug|x64
		Debug|x86 = Debug|x86
		Release|x64 = Release|x64
		Release|x86 = Release|x86
	EndGlobalSection
	GlobalSection(ProjectConfigurationPlatforms) = postSolution
		{D3511621-8C2B-4220-8970-84928FF7AA34}.Debug|x64.ActiveCfg = Debug|x64
		{D3511621-8C2B-4220-8970-84928FF7AA34}.Debug|x64.Build.0 = Debug|x64
		{D3511621-8C2B-4220-8970-84928FF7AA34}.Debug|x86.ActiveCfg = Debug|Win32
		{D3511621-8C2B-4220-8970-84928FF7AA34}.Debug|x86.Build.0 = Debug|Win32
		{D3511621-8C2B-4220-8970-84928FF7AA34}.Release|x64.ActiveCfg = Release|x64
		{D3511621-8C2B-4220-8970-84928FF7AA34}.Release|x64.Build.0 = Release|x64
		{D3511621-8C2B-4220-8970-84928FF7AA34}.Release|x86.ActiveCfg = Release|Win32
		{D3511621-8C2B-4220-8970-84928FF7AA34}.Release|x86.Build.0 = Release|Win32
		{1CC1B7D2-B858-4D82-91FF-EE2D2CE40318}.Debug|x64.ActiveCfg = Debug|x64
		{1CC1B7D2-B858-4D82-91FF-EE2D2CE40318}.Debug|x64.Build.0 = Debug|x64
		{1CC1B7D2-B858-4D82-91FF-EE2D2CE40318}.Debug|x86.ActiveCfg = Debug|Win32
		{1CC1B7D2-B858-4D82-91FF-EE2D2CE40318}.Debug|x86.Build.0 = Debug|Win32
		{1CC1B7D2-B858-4D82-91FF-EE2D2CE40318}.Release|x64.ActiveCfg = Release|x64
		{1CC1B7D2-B858-4D82-91FF-EE2D2CE40318}.Release|x64.Build.0 = Release|x64
		{1CC1B7D2-B858-4D82-91FF-EE2D2CE40318}.Release|x86.ActiveCfg = Release|Win32
		{1CC1B7D2-B858-4D82-91FF-EE2D2CE40318}.Release|x86.Build.0 = Release|Win32
		{B423F6A9-5E33-4CAF-BCF3-F5C768022487}.Debug|x64.ActiveCfg = Debug|x64
		{B423F6A9-5E33-4CAF-BCF3-F5C768022487}.Debug|x64.Build.0 = Debug|x64
		{B423F6A9-5E33-4CAF-BCF3-F5C768022487}.Debug|x86.ActiveCfg = Debug|Win32
		{B423F6A9-5E33-4CAF-BCF3-F5C768022487}.Debug|x86.Build.0 = Debug|Win32
		{B423F6A9-5E33-4CAF-BCF3-F5C768022487}.Release|x64.ActiveCfg = Release|x64
		{B423F6A9-5E33-4CAF-BCF3-F5C768022487}.Release|x64.Build.0 = Release|x64
		{B423F6A9-5E33-4CAF-BCF3-F5C768022487}.Release|x86.ActiveCfg = Release|Win32
		{B423F6A9-5E33-4CAF-BCF3-F5C768022487}.Release|x86.Build.0 = Release|Win32
		{13445AFB-63B9-4663-A7C9-2E985029CA16}.Debug|x64.ActiveCfg = Debug|x64
		{13445AFB-63B9-4663-A7C9-2E985029CA16}.Debug|x64.Build.0 = Debug|x64
		{13445AFB-63B9-4663-A7C9-2E985029CA16}.Debug|x86.ActiveCfg = Debug|Win32
		{13445AFB-63B9-4663-A7C9-2E985029CA16}.Debug|x86.Build.0 = Debug|Win32
		{13445AFB-63B9-4663-A7C9-2E985029CA16}.Release|x64.ActiveCfg = Release|x64
		{13445AFB-63B9-4663-A7C9-2E985029CA16}.Release|x64.Build.0 = Release|x64
		{13445AFB-63B9-4663-A7C9-2E985029CA16}.Release|x86.ActiveCfg = Release|Win32
		{13445AFB-63B9-4663-A7C9-2E985029CA16}.Release|x86.Build.0 = Release|Win32
		{48DAEEE4-E9E8-4597-855F-8C9E22B767F1}.Debug|x64.ActiveCfg = Debug|x64
		{48DAEEE4-E9E8-4597-855F-8C9E22B767F1}.Debug|x64.Build.0 = Debug|x64
		{48DAEEE4-E9E8-4597-855F-8C9E22B767F1}.Debug|x86.ActiveCfg = Debug|Win32
		{48DAEEE4-E9E8-4597-855F-8C9E22B767F1}.Debug|x86.Build.0 = Debug|Win32
		{48DAEEE4-E9E8-4597-855F-8C9E22B767F1}.Release|x64.ActiveCfg = Release|x64
		{48DAEEE4-E9E8-4597-855F-8C9E22B767F1}.Release|x64.Build.0 = Release|x64
		{48DAEEE4-E9E8-4597-855F-8C9E22B767F1}.Release|x86.ActiveCfg = Release|Win32
		{48DAEEE4-E9E8-4597-855F-8C9E22B767F1}.Release|x86.Build.0 = Release|Win32
		{F671FC32-89DC-4B7F-A399-0F26A89329C4}.Debug|x64.ActiveCfg = Debug|x64
		{F671FC32-89DC-4B7F-A399-0F26A89329C4}.Debug|x64.Build.0 = Debug|x64
		{F671FC32-89DC-4B7F-A399-0F26A89329C4}.Debug|x86.ActiveCfg = Debug|Win32
		{F671FC32-89DC-4B7F-A399-0F26A89329C4}.Debug|x86.Build.0 = Debug|Win32
		{F671FC32-89DC-4B7F-A399-0F26A89329C4}.Release|x64.ActiveCfg = Release|x64
		{F671FC32-89DC-4B7F-A399-0F26A89329C4}.Release|x64.Build.0 = Release|x64
		{F671FC32-89DC-4B7F-A399-0F26A89329C4}.Release|x86.ActiveCfg = Release|Win32
		{F671FC32-89DC-4B7F-A399-0F26A89329C4}.Release|x86.Build.0 = Release|Win32
		{C2C9C8BB-0CF6-47C8-858B-BF2C690A302C}.Debug|x64.ActiveCfg = Debug|x64
		{C2C9C8BB-0CF6-47C8-858B-BF2C690A302C}.Debug|x64.Build.0 = Debug|x64
		{C2C9C8BB-0CF6-47C8-858B-BF2C690A302C}.Debug|x86.ActiveCfg = Debug|Win32
		{C2C9C8BB-0CF6-47C8-858B-BF2C690A302C}.Debug|x86.Build.0 = Debug|Win32
		{C2C9C8BB-0CF6-47C8-858B-BF2C690A302C}.Release|x64.ActiveCfg = Release|x64
		{C2C9C8BB-0CF6-47C8-858B-BF2C690A302C}.Release|x64.Build.0 = Release|x64
		{C2C9C8BB-0CF6-47C8-858B-BF2C690A302C}.Release|x86.ActiveCfg = Release|Win32
		{C2C9C8BB-0CF6-47C8-858B-BF2C690A302C}.Release|x86.Build.0 = Release|Win32
		{1EFF6F6F-D7C1-4EC8-B4C4-C171697B947F}.Debug|x64.ActiveCfg = Debug|x64
		{1EFF6F6F-D7C1-4EC8-B4C4-C171697B947F}.Debug|x64.Build.0 = Debug|x64
		{1EFF6F6F-D7C1-4EC8-B4C4-C171697B947F}.Debug|x86.ActiveCfg = Debug|Win32
		{1EFF6F6F-D7C1-4EC8-B4C4-C171697B947F}.Debug|x86.Build.0 = Debug|Win32
		{1EFF6F6F-D7C1-4EC8-B4C4-C171697B947F}.Release|x64.ActiveCfg = Release|x64
		{1EFF6F6F-D7C1-4EC8-B4C4-C171697B947F}.Release|x64.Build.0 = Release|x64
		{1EFF6F6F-D7C1-4EC8-B4C4-C171697B947F}.Release|x86.ActiveCfg = Release|Win32
		{1EFF6F6F-D7C1-4EC8-B4C4-C171697B947F}.Release|x86.Build.0 = Release|Win32
	EndGlobalSection
	GlobalSection(SolutionProperties) = preSolution
		HideSolutionNode = FALSE
	EndGlobalSection
EndGlobal
